// !$*UTF8*$!
{
	archiveVersion = 1;
	classes = {
	};
	objectVersion = 50;
	objects = {

/* Begin PBXBuildFile section */
		750EDF18217E29E800D23C41 /* TileAnalyser.cpp in Sources */ = {isa = PBXBuildFile; fileRef = 750EDF16217E29E800D23C41 /* TileAnalyser.cpp */; };
		754B41FC220F810B00DFB3CC /* libopencv_stitching.4.0.1.dylib in Frameworks */ = {isa = PBXBuildFile; fileRef = 754B41D0220F810500DFB3CC /* libopencv_stitching.4.0.1.dylib */; };
		754B41FD220F810B00DFB3CC /* libopencv_photo.4.0.1.dylib in Frameworks */ = {isa = PBXBuildFile; fileRef = 754B41D1220F810500DFB3CC /* libopencv_photo.4.0.1.dylib */; };
		754B41FE220F810B00DFB3CC /* libopencv_bioinspired.4.0.1.dylib in Frameworks */ = {isa = PBXBuildFile; fileRef = 754B41D2220F810500DFB3CC /* libopencv_bioinspired.4.0.1.dylib */; };
		754B41FF220F810B00DFB3CC /* libopencv_structured_light.4.0.1.dylib in Frameworks */ = {isa = PBXBuildFile; fileRef = 754B41D3220F810500DFB3CC /* libopencv_structured_light.4.0.1.dylib */; };
		754B4200220F810B00DFB3CC /* libopencv_ml.4.0.1.dylib in Frameworks */ = {isa = PBXBuildFile; fileRef = 754B41D4220F810600DFB3CC /* libopencv_ml.4.0.1.dylib */; };
		754B4201220F810B00DFB3CC /* libopencv_imgcodecs.4.0.1.dylib in Frameworks */ = {isa = PBXBuildFile; fileRef = 754B41D5220F810600DFB3CC /* libopencv_imgcodecs.4.0.1.dylib */; };
		754B4202220F810B00DFB3CC /* libopencv_xfeatures2d.4.0.1.dylib in Frameworks */ = {isa = PBXBuildFile; fileRef = 754B41D6220F810600DFB3CC /* libopencv_xfeatures2d.4.0.1.dylib */; };
		754B4203220F810B00DFB3CC /* libopencv_img_hash.4.0.1.dylib in Frameworks */ = {isa = PBXBuildFile; fileRef = 754B41D7220F810600DFB3CC /* libopencv_img_hash.4.0.1.dylib */; };
		754B4204220F810C00DFB3CC /* libopencv_core.4.0.1.dylib in Frameworks */ = {isa = PBXBuildFile; fileRef = 754B41D8220F810600DFB3CC /* libopencv_core.4.0.1.dylib */; };
		754B4205220F810C00DFB3CC /* libopencv_superres.4.0.1.dylib in Frameworks */ = {isa = PBXBuildFile; fileRef = 754B41D9220F810600DFB3CC /* libopencv_superres.4.0.1.dylib */; };
		754B4206220F810C00DFB3CC /* libopencv_video.4.0.1.dylib in Frameworks */ = {isa = PBXBuildFile; fileRef = 754B41DA220F810600DFB3CC /* libopencv_video.4.0.1.dylib */; };
		754B4207220F810C00DFB3CC /* libopencv_face.4.0.1.dylib in Frameworks */ = {isa = PBXBuildFile; fileRef = 754B41DB220F810700DFB3CC /* libopencv_face.4.0.1.dylib */; };
		754B4208220F810C00DFB3CC /* libopencv_features2d.4.0.1.dylib in Frameworks */ = {isa = PBXBuildFile; fileRef = 754B41DC220F810700DFB3CC /* libopencv_features2d.4.0.1.dylib */; };
		754B4209220F810C00DFB3CC /* libopencv_phase_unwrapping.4.0.1.dylib in Frameworks */ = {isa = PBXBuildFile; fileRef = 754B41DD220F810700DFB3CC /* libopencv_phase_unwrapping.4.0.1.dylib */; };
		754B420A220F810C00DFB3CC /* libopencv_plot.4.0.1.dylib in Frameworks */ = {isa = PBXBuildFile; fileRef = 754B41DE220F810700DFB3CC /* libopencv_plot.4.0.1.dylib */; };
		754B420B220F810C00DFB3CC /* libopencv_dnn_objdetect.4.0.1.dylib in Frameworks */ = {isa = PBXBuildFile; fileRef = 754B41DF220F810700DFB3CC /* libopencv_dnn_objdetect.4.0.1.dylib */; };
		754B420C220F810C00DFB3CC /* libopencv_reg.4.0.1.dylib in Frameworks */ = {isa = PBXBuildFile; fileRef = 754B41E0220F810700DFB3CC /* libopencv_reg.4.0.1.dylib */; };
		754B420D220F810C00DFB3CC /* libopencv_line_descriptor.4.0.1.dylib in Frameworks */ = {isa = PBXBuildFile; fileRef = 754B41E1220F810700DFB3CC /* libopencv_line_descriptor.4.0.1.dylib */; };
		754B420E220F810C00DFB3CC /* libopencv_dpm.4.0.1.dylib in Frameworks */ = {isa = PBXBuildFile; fileRef = 754B41E2220F810800DFB3CC /* libopencv_dpm.4.0.1.dylib */; };
		754B420F220F810C00DFB3CC /* libopencv_shape.4.0.1.dylib in Frameworks */ = {isa = PBXBuildFile; fileRef = 754B41E3220F810800DFB3CC /* libopencv_shape.4.0.1.dylib */; };
		754B4210220F810C00DFB3CC /* libopencv_ximgproc.4.0.1.dylib in Frameworks */ = {isa = PBXBuildFile; fileRef = 754B41E4220F810800DFB3CC /* libopencv_ximgproc.4.0.1.dylib */; };
		754B4211220F810C00DFB3CC /* libopencv_ccalib.4.0.1.dylib in Frameworks */ = {isa = PBXBuildFile; fileRef = 754B41E5220F810800DFB3CC /* libopencv_ccalib.4.0.1.dylib */; };
		754B4212220F810C00DFB3CC /* libopencv_bgsegm.4.0.1.dylib in Frameworks */ = {isa = PBXBuildFile; fileRef = 754B41E6220F810800DFB3CC /* libopencv_bgsegm.4.0.1.dylib */; };
		754B4213220F810C00DFB3CC /* libopencv_highgui.4.0.1.dylib in Frameworks */ = {isa = PBXBuildFile; fileRef = 754B41E7220F810800DFB3CC /* libopencv_highgui.4.0.1.dylib */; };
		754B4214220F810C00DFB3CC /* libopencv_optflow.4.0.1.dylib in Frameworks */ = {isa = PBXBuildFile; fileRef = 754B41E8220F810900DFB3CC /* libopencv_optflow.4.0.1.dylib */; };
		754B4215220F810C00DFB3CC /* libopencv_surface_matching.4.0.1.dylib in Frameworks */ = {isa = PBXBuildFile; fileRef = 754B41E9220F810900DFB3CC /* libopencv_surface_matching.4.0.1.dylib */; };
		754B4216220F810C00DFB3CC /* libopencv_aruco.4.0.1.dylib in Frameworks */ = {isa = PBXBuildFile; fileRef = 754B41EA220F810900DFB3CC /* libopencv_aruco.4.0.1.dylib */; };
		754B4217220F810C00DFB3CC /* libopencv_datasets.4.0.1.dylib in Frameworks */ = {isa = PBXBuildFile; fileRef = 754B41EB220F810900DFB3CC /* libopencv_datasets.4.0.1.dylib */; };
		754B4218220F810C00DFB3CC /* libopencv_flann.4.0.1.dylib in Frameworks */ = {isa = PBXBuildFile; fileRef = 754B41EC220F810900DFB3CC /* libopencv_flann.4.0.1.dylib */; };
		754B4219220F810C00DFB3CC /* libopencv_rgbd.4.0.1.dylib in Frameworks */ = {isa = PBXBuildFile; fileRef = 754B41ED220F810900DFB3CC /* libopencv_rgbd.4.0.1.dylib */; };
		754B421A220F810C00DFB3CC /* libopencv_tracking.4.0.1.dylib in Frameworks */ = {isa = PBXBuildFile; fileRef = 754B41EE220F810900DFB3CC /* libopencv_tracking.4.0.1.dylib */; };
		754B421B220F810C00DFB3CC /* libopencv_xobjdetect.4.0.1.dylib in Frameworks */ = {isa = PBXBuildFile; fileRef = 754B41EF220F810900DFB3CC /* libopencv_xobjdetect.4.0.1.dylib */; };
		754B421C220F810C00DFB3CC /* libopencv_objdetect.4.0.1.dylib in Frameworks */ = {isa = PBXBuildFile; fileRef = 754B41F0220F810A00DFB3CC /* libopencv_objdetect.4.0.1.dylib */; };
		754B421D220F810C00DFB3CC /* libopencv_dnn.4.0.1.dylib in Frameworks */ = {isa = PBXBuildFile; fileRef = 754B41F1220F810A00DFB3CC /* libopencv_dnn.4.0.1.dylib */; };
		754B421E220F810C00DFB3CC /* libopencv_fuzzy.4.0.1.dylib in Frameworks */ = {isa = PBXBuildFile; fileRef = 754B41F2220F810A00DFB3CC /* libopencv_fuzzy.4.0.1.dylib */; };
		754B421F220F810C00DFB3CC /* libopencv_hfs.4.0.1.dylib in Frameworks */ = {isa = PBXBuildFile; fileRef = 754B41F3220F810A00DFB3CC /* libopencv_hfs.4.0.1.dylib */; };
		754B4220220F810C00DFB3CC /* libopencv_videostab.4.0.1.dylib in Frameworks */ = {isa = PBXBuildFile; fileRef = 754B41F4220F810A00DFB3CC /* libopencv_videostab.4.0.1.dylib */; };
		754B4221220F810C00DFB3CC /* libopencv_saliency.4.0.1.dylib in Frameworks */ = {isa = PBXBuildFile; fileRef = 754B41F5220F810A00DFB3CC /* libopencv_saliency.4.0.1.dylib */; };
		754B4222220F810C00DFB3CC /* libopencv_gapi.4.0.1.dylib in Frameworks */ = {isa = PBXBuildFile; fileRef = 754B41F6220F810B00DFB3CC /* libopencv_gapi.4.0.1.dylib */; };
		754B4223220F810C00DFB3CC /* libopencv_videoio.4.0.1.dylib in Frameworks */ = {isa = PBXBuildFile; fileRef = 754B41F7220F810B00DFB3CC /* libopencv_videoio.4.0.1.dylib */; };
		754B4224220F810C00DFB3CC /* libopencv_imgproc.4.0.1.dylib in Frameworks */ = {isa = PBXBuildFile; fileRef = 754B41F8220F810B00DFB3CC /* libopencv_imgproc.4.0.1.dylib */; };
		754B4225220F810C00DFB3CC /* libopencv_stereo.4.0.1.dylib in Frameworks */ = {isa = PBXBuildFile; fileRef = 754B41F9220F810B00DFB3CC /* libopencv_stereo.4.0.1.dylib */; };
		754B4226220F810C00DFB3CC /* libopencv_calib3d.4.0.1.dylib in Frameworks */ = {isa = PBXBuildFile; fileRef = 754B41FA220F810B00DFB3CC /* libopencv_calib3d.4.0.1.dylib */; };
		754B4227220F810C00DFB3CC /* libopencv_xphoto.4.0.1.dylib in Frameworks */ = {isa = PBXBuildFile; fileRef = 754B41FB220F810B00DFB3CC /* libopencv_xphoto.4.0.1.dylib */; };
		759331ED2142CC240075496E /* main.cpp in Sources */ = {isa = PBXBuildFile; fileRef = 759331EC2142CC240075496E /* main.cpp */; };
		75AA26D6220DCD5700B7C50D /* libopencv_aruco.4.0.1.dylib in Frameworks */ = {isa = PBXBuildFile; fileRef = 75AA26D5220DCD5700B7C50D /* libopencv_aruco.4.0.1.dylib */; };
		75AA2703220DCE5700B7C50D /* libopencv_gapi.4.0.1.dylib in Frameworks */ = {isa = PBXBuildFile; fileRef = 75AA26D8220DCE5500B7C50D /* libopencv_gapi.4.0.1.dylib */; };
		75AA2704220DCE5700B7C50D /* libopencv_xobjdetect.4.0.1.dylib in Frameworks */ = {isa = PBXBuildFile; fileRef = 75AA26D9220DCE5500B7C50D /* libopencv_xobjdetect.4.0.1.dylib */; };
		75AA2705220DCE5700B7C50D /* libopencv_phase_unwrapping.4.0.1.dylib in Frameworks */ = {isa = PBXBuildFile; fileRef = 75AA26DA220DCE5500B7C50D /* libopencv_phase_unwrapping.4.0.1.dylib */; };
		75AA2706220DCE5700B7C50D /* libopencv_videostab.4.0.1.dylib in Frameworks */ = {isa = PBXBuildFile; fileRef = 75AA26DB220DCE5500B7C50D /* libopencv_videostab.4.0.1.dylib */; };
		75AA2707220DCE5700B7C50D /* libopencv_dnn_objdetect.4.0.1.dylib in Frameworks */ = {isa = PBXBuildFile; fileRef = 75AA26DC220DCE5500B7C50D /* libopencv_dnn_objdetect.4.0.1.dylib */; };
		75AA2708220DCE5700B7C50D /* libopencv_reg.4.0.1.dylib in Frameworks */ = {isa = PBXBuildFile; fileRef = 75AA26DD220DCE5500B7C50D /* libopencv_reg.4.0.1.dylib */; };
		75AA2709220DCE5700B7C50D /* libopencv_flann.4.0.1.dylib in Frameworks */ = {isa = PBXBuildFile; fileRef = 75AA26DE220DCE5500B7C50D /* libopencv_flann.4.0.1.dylib */; };
		75AA270A220DCE5700B7C50D /* libopencv_optflow.4.0.1.dylib in Frameworks */ = {isa = PBXBuildFile; fileRef = 75AA26DF220DCE5500B7C50D /* libopencv_optflow.4.0.1.dylib */; };
		75AA270B220DCE5700B7C50D /* libopencv_highgui.4.0.1.dylib in Frameworks */ = {isa = PBXBuildFile; fileRef = 75AA26E0220DCE5500B7C50D /* libopencv_highgui.4.0.1.dylib */; };
		75AA270C220DCE5700B7C50D /* libopencv_plot.4.0.1.dylib in Frameworks */ = {isa = PBXBuildFile; fileRef = 75AA26E1220DCE5500B7C50D /* libopencv_plot.4.0.1.dylib */; };
		75AA270D220DCE5700B7C50D /* libopencv_imgcodecs.4.0.1.dylib in Frameworks */ = {isa = PBXBuildFile; fileRef = 75AA26E2220DCE5500B7C50D /* libopencv_imgcodecs.4.0.1.dylib */; };
		75AA270E220DCE5700B7C50D /* libopencv_imgproc.4.0.1.dylib in Frameworks */ = {isa = PBXBuildFile; fileRef = 75AA26E3220DCE5500B7C50D /* libopencv_imgproc.4.0.1.dylib */; };
		75AA270F220DCE5700B7C50D /* libopencv_ccalib.4.0.1.dylib in Frameworks */ = {isa = PBXBuildFile; fileRef = 75AA26E4220DCE5500B7C50D /* libopencv_ccalib.4.0.1.dylib */; };
		75AA2710220DCE5700B7C50D /* libopencv_saliency.4.0.1.dylib in Frameworks */ = {isa = PBXBuildFile; fileRef = 75AA26E5220DCE5500B7C50D /* libopencv_saliency.4.0.1.dylib */; };
		75AA2711220DCE5700B7C50D /* libopencv_dnn.4.0.1.dylib in Frameworks */ = {isa = PBXBuildFile; fileRef = 75AA26E6220DCE5500B7C50D /* libopencv_dnn.4.0.1.dylib */; };
		75AA2712220DCE5700B7C50D /* libopencv_shape.4.0.1.dylib in Frameworks */ = {isa = PBXBuildFile; fileRef = 75AA26E7220DCE5500B7C50D /* libopencv_shape.4.0.1.dylib */; };
		75AA2713220DCE5700B7C50D /* libopencv_stereo.4.0.1.dylib in Frameworks */ = {isa = PBXBuildFile; fileRef = 75AA26E8220DCE5500B7C50D /* libopencv_stereo.4.0.1.dylib */; };
		75AA2714220DCE5700B7C50D /* libopencv_objdetect.4.0.1.dylib in Frameworks */ = {isa = PBXBuildFile; fileRef = 75AA26E9220DCE5600B7C50D /* libopencv_objdetect.4.0.1.dylib */; };
		75AA2715220DCE5700B7C50D /* libopencv_face.4.0.1.dylib in Frameworks */ = {isa = PBXBuildFile; fileRef = 75AA26EA220DCE5600B7C50D /* libopencv_face.4.0.1.dylib */; };
		75AA2716220DCE5700B7C50D /* libopencv_features2d.4.0.1.dylib in Frameworks */ = {isa = PBXBuildFile; fileRef = 75AA26EB220DCE5600B7C50D /* libopencv_features2d.4.0.1.dylib */; };
		75AA2717220DCE5700B7C50D /* libopencv_rgbd.4.0.1.dylib in Frameworks */ = {isa = PBXBuildFile; fileRef = 75AA26EC220DCE5600B7C50D /* libopencv_rgbd.4.0.1.dylib */; };
		75AA2718220DCE5700B7C50D /* libopencv_structured_light.4.0.1.dylib in Frameworks */ = {isa = PBXBuildFile; fileRef = 75AA26ED220DCE5600B7C50D /* libopencv_structured_light.4.0.1.dylib */; };
		75AA2719220DCE5700B7C50D /* libopencv_xfeatures2d.4.0.1.dylib in Frameworks */ = {isa = PBXBuildFile; fileRef = 75AA26EE220DCE5600B7C50D /* libopencv_xfeatures2d.4.0.1.dylib */; };
		75AA271A220DCE5700B7C50D /* libopencv_superres.4.0.1.dylib in Frameworks */ = {isa = PBXBuildFile; fileRef = 75AA26EF220DCE5600B7C50D /* libopencv_superres.4.0.1.dylib */; };
		75AA271B220DCE5700B7C50D /* libopencv_stitching.4.0.1.dylib in Frameworks */ = {isa = PBXBuildFile; fileRef = 75AA26F0220DCE5600B7C50D /* libopencv_stitching.4.0.1.dylib */; };
		75AA271C220DCE5700B7C50D /* libopencv_ml.4.0.1.dylib in Frameworks */ = {isa = PBXBuildFile; fileRef = 75AA26F1220DCE5600B7C50D /* libopencv_ml.4.0.1.dylib */; };
		75AA271D220DCE5700B7C50D /* libopencv_fuzzy.4.0.1.dylib in Frameworks */ = {isa = PBXBuildFile; fileRef = 75AA26F2220DCE5600B7C50D /* libopencv_fuzzy.4.0.1.dylib */; };
		75AA271E220DCE5700B7C50D /* libopencv_img_hash.4.0.1.dylib in Frameworks */ = {isa = PBXBuildFile; fileRef = 75AA26F3220DCE5600B7C50D /* libopencv_img_hash.4.0.1.dylib */; };
		75AA271F220DCE5700B7C50D /* libopencv_line_descriptor.4.0.1.dylib in Frameworks */ = {isa = PBXBuildFile; fileRef = 75AA26F4220DCE5600B7C50D /* libopencv_line_descriptor.4.0.1.dylib */; };
		75AA2720220DCE5700B7C50D /* libopencv_bioinspired.4.0.1.dylib in Frameworks */ = {isa = PBXBuildFile; fileRef = 75AA26F5220DCE5600B7C50D /* libopencv_bioinspired.4.0.1.dylib */; };
		75AA2721220DCE5700B7C50D /* libopencv_surface_matching.4.0.1.dylib in Frameworks */ = {isa = PBXBuildFile; fileRef = 75AA26F6220DCE5600B7C50D /* libopencv_surface_matching.4.0.1.dylib */; };
		75AA2722220DCE5700B7C50D /* libopencv_photo.4.0.1.dylib in Frameworks */ = {isa = PBXBuildFile; fileRef = 75AA26F7220DCE5600B7C50D /* libopencv_photo.4.0.1.dylib */; };
		75AA2723220DCE5700B7C50D /* libopencv_dpm.4.0.1.dylib in Frameworks */ = {isa = PBXBuildFile; fileRef = 75AA26F8220DCE5600B7C50D /* libopencv_dpm.4.0.1.dylib */; };
		75AA2724220DCE5700B7C50D /* libopencv_hfs.4.0.1.dylib in Frameworks */ = {isa = PBXBuildFile; fileRef = 75AA26F9220DCE5600B7C50D /* libopencv_hfs.4.0.1.dylib */; };
		75AA2725220DCE5700B7C50D /* libopencv_xphoto.4.0.1.dylib in Frameworks */ = {isa = PBXBuildFile; fileRef = 75AA26FA220DCE5600B7C50D /* libopencv_xphoto.4.0.1.dylib */; };
		75AA2726220DCE5700B7C50D /* libopencv_calib3d.4.0.1.dylib in Frameworks */ = {isa = PBXBuildFile; fileRef = 75AA26FB220DCE5600B7C50D /* libopencv_calib3d.4.0.1.dylib */; };
		75AA2727220DCE5700B7C50D /* libopencv_tracking.4.0.1.dylib in Frameworks */ = {isa = PBXBuildFile; fileRef = 75AA26FC220DCE5600B7C50D /* libopencv_tracking.4.0.1.dylib */; };
		75AA2728220DCE5700B7C50D /* libopencv_core.4.0.1.dylib in Frameworks */ = {isa = PBXBuildFile; fileRef = 75AA26FD220DCE5600B7C50D /* libopencv_core.4.0.1.dylib */; };
		75AA2729220DCE5700B7C50D /* libopencv_video.4.0.1.dylib in Frameworks */ = {isa = PBXBuildFile; fileRef = 75AA26FE220DCE5600B7C50D /* libopencv_video.4.0.1.dylib */; };
		75AA272A220DCE5700B7C50D /* libopencv_ximgproc.4.0.1.dylib in Frameworks */ = {isa = PBXBuildFile; fileRef = 75AA26FF220DCE5600B7C50D /* libopencv_ximgproc.4.0.1.dylib */; };
		75AA272B220DCE5700B7C50D /* libopencv_bgsegm.4.0.1.dylib in Frameworks */ = {isa = PBXBuildFile; fileRef = 75AA2700220DCE5700B7C50D /* libopencv_bgsegm.4.0.1.dylib */; };
		75AA272C220DCE5700B7C50D /* libopencv_videoio.4.0.1.dylib in Frameworks */ = {isa = PBXBuildFile; fileRef = 75AA2701220DCE5700B7C50D /* libopencv_videoio.4.0.1.dylib */; };
		75AA272D220DCE5700B7C50D /* libopencv_datasets.4.0.1.dylib in Frameworks */ = {isa = PBXBuildFile; fileRef = 75AA2702220DCE5700B7C50D /* libopencv_datasets.4.0.1.dylib */; };
		75C8A47E216B7F0800B1E995 /* ImageCutter.cpp in Sources */ = {isa = PBXBuildFile; fileRef = 75C8A47C216B7F0800B1E995 /* ImageCutter.cpp */; };
		75EFCF8E216BA93800436CFC /* Tiler.cpp in Sources */ = {isa = PBXBuildFile; fileRef = 75EFCF8C216BA93800436CFC /* Tiler.cpp */; };
/* End PBXBuildFile section */

/* Begin PBXCopyFilesBuildPhase section */
		759331E72142CC240075496E /* CopyFiles */ = {
			isa = PBXCopyFilesBuildPhase;
			buildActionMask = 2147483647;
			dstPath = /usr/share/man/man1/;
			dstSubfolderSpec = 0;
			files = (
			);
			runOnlyForDeploymentPostprocessing = 1;
		};
/* End PBXCopyFilesBuildPhase section */

/* Begin PBXFileReference section */
		750EDF16217E29E800D23C41 /* TileAnalyser.cpp */ = {isa = PBXFileReference; lastKnownFileType = sourcecode.cpp.cpp; path = TileAnalyser.cpp; sourceTree = "<group>"; };
		750EDF17217E29E800D23C41 /* TileAnalyser.hpp */ = {isa = PBXFileReference; lastKnownFileType = sourcecode.cpp.h; path = TileAnalyser.hpp; sourceTree = "<group>"; };
		754B41D0220F810500DFB3CC /* libopencv_stitching.4.0.1.dylib */ = {isa = PBXFileReference; lastKnownFileType = "compiled.mach-o.dylib"; path = libopencv_stitching.4.0.1.dylib; sourceTree = "<group>"; };
		754B41D1220F810500DFB3CC /* libopencv_photo.4.0.1.dylib */ = {isa = PBXFileReference; lastKnownFileType = "compiled.mach-o.dylib"; path = libopencv_photo.4.0.1.dylib; sourceTree = "<group>"; };
		754B41D2220F810500DFB3CC /* libopencv_bioinspired.4.0.1.dylib */ = {isa = PBXFileReference; lastKnownFileType = "compiled.mach-o.dylib"; path = libopencv_bioinspired.4.0.1.dylib; sourceTree = "<group>"; };
		754B41D3220F810500DFB3CC /* libopencv_structured_light.4.0.1.dylib */ = {isa = PBXFileReference; lastKnownFileType = "compiled.mach-o.dylib"; path = libopencv_structured_light.4.0.1.dylib; sourceTree = "<group>"; };
		754B41D4220F810600DFB3CC /* libopencv_ml.4.0.1.dylib */ = {isa = PBXFileReference; lastKnownFileType = "compiled.mach-o.dylib"; path = libopencv_ml.4.0.1.dylib; sourceTree = "<group>"; };
		754B41D5220F810600DFB3CC /* libopencv_imgcodecs.4.0.1.dylib */ = {isa = PBXFileReference; lastKnownFileType = "compiled.mach-o.dylib"; path = libopencv_imgcodecs.4.0.1.dylib; sourceTree = "<group>"; };
		754B41D6220F810600DFB3CC /* libopencv_xfeatures2d.4.0.1.dylib */ = {isa = PBXFileReference; lastKnownFileType = "compiled.mach-o.dylib"; path = libopencv_xfeatures2d.4.0.1.dylib; sourceTree = "<group>"; };
		754B41D7220F810600DFB3CC /* libopencv_img_hash.4.0.1.dylib */ = {isa = PBXFileReference; lastKnownFileType = "compiled.mach-o.dylib"; path = libopencv_img_hash.4.0.1.dylib; sourceTree = "<group>"; };
		754B41D8220F810600DFB3CC /* libopencv_core.4.0.1.dylib */ = {isa = PBXFileReference; lastKnownFileType = "compiled.mach-o.dylib"; path = libopencv_core.4.0.1.dylib; sourceTree = "<group>"; };
		754B41D9220F810600DFB3CC /* libopencv_superres.4.0.1.dylib */ = {isa = PBXFileReference; lastKnownFileType = "compiled.mach-o.dylib"; path = libopencv_superres.4.0.1.dylib; sourceTree = "<group>"; };
		754B41DA220F810600DFB3CC /* libopencv_video.4.0.1.dylib */ = {isa = PBXFileReference; lastKnownFileType = "compiled.mach-o.dylib"; path = libopencv_video.4.0.1.dylib; sourceTree = "<group>"; };
		754B41DB220F810700DFB3CC /* libopencv_face.4.0.1.dylib */ = {isa = PBXFileReference; lastKnownFileType = "compiled.mach-o.dylib"; path = libopencv_face.4.0.1.dylib; sourceTree = "<group>"; };
		754B41DC220F810700DFB3CC /* libopencv_features2d.4.0.1.dylib */ = {isa = PBXFileReference; lastKnownFileType = "compiled.mach-o.dylib"; path = libopencv_features2d.4.0.1.dylib; sourceTree = "<group>"; };
		754B41DD220F810700DFB3CC /* libopencv_phase_unwrapping.4.0.1.dylib */ = {isa = PBXFileReference; lastKnownFileType = "compiled.mach-o.dylib"; path = libopencv_phase_unwrapping.4.0.1.dylib; sourceTree = "<group>"; };
		754B41DE220F810700DFB3CC /* libopencv_plot.4.0.1.dylib */ = {isa = PBXFileReference; lastKnownFileType = "compiled.mach-o.dylib"; path = libopencv_plot.4.0.1.dylib; sourceTree = "<group>"; };
		754B41DF220F810700DFB3CC /* libopencv_dnn_objdetect.4.0.1.dylib */ = {isa = PBXFileReference; lastKnownFileType = "compiled.mach-o.dylib"; path = libopencv_dnn_objdetect.4.0.1.dylib; sourceTree = "<group>"; };
		754B41E0220F810700DFB3CC /* libopencv_reg.4.0.1.dylib */ = {isa = PBXFileReference; lastKnownFileType = "compiled.mach-o.dylib"; path = libopencv_reg.4.0.1.dylib; sourceTree = "<group>"; };
		754B41E1220F810700DFB3CC /* libopencv_line_descriptor.4.0.1.dylib */ = {isa = PBXFileReference; lastKnownFileType = "compiled.mach-o.dylib"; path = libopencv_line_descriptor.4.0.1.dylib; sourceTree = "<group>"; };
		754B41E2220F810800DFB3CC /* libopencv_dpm.4.0.1.dylib */ = {isa = PBXFileReference; lastKnownFileType = "compiled.mach-o.dylib"; path = libopencv_dpm.4.0.1.dylib; sourceTree = "<group>"; };
		754B41E3220F810800DFB3CC /* libopencv_shape.4.0.1.dylib */ = {isa = PBXFileReference; lastKnownFileType = "compiled.mach-o.dylib"; path = libopencv_shape.4.0.1.dylib; sourceTree = "<group>"; };
		754B41E4220F810800DFB3CC /* libopencv_ximgproc.4.0.1.dylib */ = {isa = PBXFileReference; lastKnownFileType = "compiled.mach-o.dylib"; path = libopencv_ximgproc.4.0.1.dylib; sourceTree = "<group>"; };
		754B41E5220F810800DFB3CC /* libopencv_ccalib.4.0.1.dylib */ = {isa = PBXFileReference; lastKnownFileType = "compiled.mach-o.dylib"; path = libopencv_ccalib.4.0.1.dylib; sourceTree = "<group>"; };
		754B41E6220F810800DFB3CC /* libopencv_bgsegm.4.0.1.dylib */ = {isa = PBXFileReference; lastKnownFileType = "compiled.mach-o.dylib"; path = libopencv_bgsegm.4.0.1.dylib; sourceTree = "<group>"; };
		754B41E7220F810800DFB3CC /* libopencv_highgui.4.0.1.dylib */ = {isa = PBXFileReference; lastKnownFileType = "compiled.mach-o.dylib"; path = libopencv_highgui.4.0.1.dylib; sourceTree = "<group>"; };
		754B41E8220F810900DFB3CC /* libopencv_optflow.4.0.1.dylib */ = {isa = PBXFileReference; lastKnownFileType = "compiled.mach-o.dylib"; path = libopencv_optflow.4.0.1.dylib; sourceTree = "<group>"; };
		754B41E9220F810900DFB3CC /* libopencv_surface_matching.4.0.1.dylib */ = {isa = PBXFileReference; lastKnownFileType = "compiled.mach-o.dylib"; path = libopencv_surface_matching.4.0.1.dylib; sourceTree = "<group>"; };
		754B41EA220F810900DFB3CC /* libopencv_aruco.4.0.1.dylib */ = {isa = PBXFileReference; lastKnownFileType = "compiled.mach-o.dylib"; path = libopencv_aruco.4.0.1.dylib; sourceTree = "<group>"; };
		754B41EB220F810900DFB3CC /* libopencv_datasets.4.0.1.dylib */ = {isa = PBXFileReference; lastKnownFileType = "compiled.mach-o.dylib"; path = libopencv_datasets.4.0.1.dylib; sourceTree = "<group>"; };
		754B41EC220F810900DFB3CC /* libopencv_flann.4.0.1.dylib */ = {isa = PBXFileReference; lastKnownFileType = "compiled.mach-o.dylib"; path = libopencv_flann.4.0.1.dylib; sourceTree = "<group>"; };
		754B41ED220F810900DFB3CC /* libopencv_rgbd.4.0.1.dylib */ = {isa = PBXFileReference; lastKnownFileType = "compiled.mach-o.dylib"; path = libopencv_rgbd.4.0.1.dylib; sourceTree = "<group>"; };
		754B41EE220F810900DFB3CC /* libopencv_tracking.4.0.1.dylib */ = {isa = PBXFileReference; lastKnownFileType = "compiled.mach-o.dylib"; path = libopencv_tracking.4.0.1.dylib; sourceTree = "<group>"; };
		754B41EF220F810900DFB3CC /* libopencv_xobjdetect.4.0.1.dylib */ = {isa = PBXFileReference; lastKnownFileType = "compiled.mach-o.dylib"; path = libopencv_xobjdetect.4.0.1.dylib; sourceTree = "<group>"; };
		754B41F0220F810A00DFB3CC /* libopencv_objdetect.4.0.1.dylib */ = {isa = PBXFileReference; lastKnownFileType = "compiled.mach-o.dylib"; path = libopencv_objdetect.4.0.1.dylib; sourceTree = "<group>"; };
		754B41F1220F810A00DFB3CC /* libopencv_dnn.4.0.1.dylib */ = {isa = PBXFileReference; lastKnownFileType = "compiled.mach-o.dylib"; path = libopencv_dnn.4.0.1.dylib; sourceTree = "<group>"; };
		754B41F2220F810A00DFB3CC /* libopencv_fuzzy.4.0.1.dylib */ = {isa = PBXFileReference; lastKnownFileType = "compiled.mach-o.dylib"; path = libopencv_fuzzy.4.0.1.dylib; sourceTree = "<group>"; };
		754B41F3220F810A00DFB3CC /* libopencv_hfs.4.0.1.dylib */ = {isa = PBXFileReference; lastKnownFileType = "compiled.mach-o.dylib"; path = libopencv_hfs.4.0.1.dylib; sourceTree = "<group>"; };
		754B41F4220F810A00DFB3CC /* libopencv_videostab.4.0.1.dylib */ = {isa = PBXFileReference; lastKnownFileType = "compiled.mach-o.dylib"; path = libopencv_videostab.4.0.1.dylib; sourceTree = "<group>"; };
		754B41F5220F810A00DFB3CC /* libopencv_saliency.4.0.1.dylib */ = {isa = PBXFileReference; lastKnownFileType = "compiled.mach-o.dylib"; path = libopencv_saliency.4.0.1.dylib; sourceTree = "<group>"; };
		754B41F6220F810B00DFB3CC /* libopencv_gapi.4.0.1.dylib */ = {isa = PBXFileReference; lastKnownFileType = "compiled.mach-o.dylib"; path = libopencv_gapi.4.0.1.dylib; sourceTree = "<group>"; };
		754B41F7220F810B00DFB3CC /* libopencv_videoio.4.0.1.dylib */ = {isa = PBXFileReference; lastKnownFileType = "compiled.mach-o.dylib"; path = libopencv_videoio.4.0.1.dylib; sourceTree = "<group>"; };
		754B41F8220F810B00DFB3CC /* libopencv_imgproc.4.0.1.dylib */ = {isa = PBXFileReference; lastKnownFileType = "compiled.mach-o.dylib"; path = libopencv_imgproc.4.0.1.dylib; sourceTree = "<group>"; };
		754B41F9220F810B00DFB3CC /* libopencv_stereo.4.0.1.dylib */ = {isa = PBXFileReference; lastKnownFileType = "compiled.mach-o.dylib"; path = libopencv_stereo.4.0.1.dylib; sourceTree = "<group>"; };
		754B41FA220F810B00DFB3CC /* libopencv_calib3d.4.0.1.dylib */ = {isa = PBXFileReference; lastKnownFileType = "compiled.mach-o.dylib"; path = libopencv_calib3d.4.0.1.dylib; sourceTree = "<group>"; };
		754B41FB220F810B00DFB3CC /* libopencv_xphoto.4.0.1.dylib */ = {isa = PBXFileReference; lastKnownFileType = "compiled.mach-o.dylib"; path = libopencv_xphoto.4.0.1.dylib; sourceTree = "<group>"; };
		759331E92142CC240075496E /* Image_Mosaic */ = {isa = PBXFileReference; explicitFileType = "compiled.mach-o.executable"; includeInIndex = 0; path = Image_Mosaic; sourceTree = BUILT_PRODUCTS_DIR; };
		759331EC2142CC240075496E /* main.cpp */ = {isa = PBXFileReference; lastKnownFileType = sourcecode.cpp.cpp; path = main.cpp; sourceTree = "<group>"; };
		75AA26D5220DCD5700B7C50D /* libopencv_aruco.4.0.1.dylib */ = {isa = PBXFileReference; lastKnownFileType = "compiled.mach-o.dylib"; path = libopencv_aruco.4.0.1.dylib; sourceTree = "<group>"; };
		75AA26D8220DCE5500B7C50D /* libopencv_gapi.4.0.1.dylib */ = {isa = PBXFileReference; lastKnownFileType = "compiled.mach-o.dylib"; name = libopencv_gapi.4.0.1.dylib; path = lib/libopencv_gapi.4.0.1.dylib; sourceTree = "<group>"; };
		75AA26D9220DCE5500B7C50D /* libopencv_xobjdetect.4.0.1.dylib */ = {isa = PBXFileReference; lastKnownFileType = "compiled.mach-o.dylib"; name = libopencv_xobjdetect.4.0.1.dylib; path = lib/libopencv_xobjdetect.4.0.1.dylib; sourceTree = "<group>"; };
		75AA26DA220DCE5500B7C50D /* libopencv_phase_unwrapping.4.0.1.dylib */ = {isa = PBXFileReference; lastKnownFileType = "compiled.mach-o.dylib"; name = libopencv_phase_unwrapping.4.0.1.dylib; path = lib/libopencv_phase_unwrapping.4.0.1.dylib; sourceTree = "<group>"; };
		75AA26DB220DCE5500B7C50D /* libopencv_videostab.4.0.1.dylib */ = {isa = PBXFileReference; lastKnownFileType = "compiled.mach-o.dylib"; name = libopencv_videostab.4.0.1.dylib; path = lib/libopencv_videostab.4.0.1.dylib; sourceTree = "<group>"; };
		75AA26DC220DCE5500B7C50D /* libopencv_dnn_objdetect.4.0.1.dylib */ = {isa = PBXFileReference; lastKnownFileType = "compiled.mach-o.dylib"; name = libopencv_dnn_objdetect.4.0.1.dylib; path = lib/libopencv_dnn_objdetect.4.0.1.dylib; sourceTree = "<group>"; };
		75AA26DD220DCE5500B7C50D /* libopencv_reg.4.0.1.dylib */ = {isa = PBXFileReference; lastKnownFileType = "compiled.mach-o.dylib"; name = libopencv_reg.4.0.1.dylib; path = lib/libopencv_reg.4.0.1.dylib; sourceTree = "<group>"; };
		75AA26DE220DCE5500B7C50D /* libopencv_flann.4.0.1.dylib */ = {isa = PBXFileReference; lastKnownFileType = "compiled.mach-o.dylib"; name = libopencv_flann.4.0.1.dylib; path = lib/libopencv_flann.4.0.1.dylib; sourceTree = "<group>"; };
		75AA26DF220DCE5500B7C50D /* libopencv_optflow.4.0.1.dylib */ = {isa = PBXFileReference; lastKnownFileType = "compiled.mach-o.dylib"; name = libopencv_optflow.4.0.1.dylib; path = lib/libopencv_optflow.4.0.1.dylib; sourceTree = "<group>"; };
		75AA26E0220DCE5500B7C50D /* libopencv_highgui.4.0.1.dylib */ = {isa = PBXFileReference; lastKnownFileType = "compiled.mach-o.dylib"; name = libopencv_highgui.4.0.1.dylib; path = lib/libopencv_highgui.4.0.1.dylib; sourceTree = "<group>"; };
		75AA26E1220DCE5500B7C50D /* libopencv_plot.4.0.1.dylib */ = {isa = PBXFileReference; lastKnownFileType = "compiled.mach-o.dylib"; name = libopencv_plot.4.0.1.dylib; path = lib/libopencv_plot.4.0.1.dylib; sourceTree = "<group>"; };
		75AA26E2220DCE5500B7C50D /* libopencv_imgcodecs.4.0.1.dylib */ = {isa = PBXFileReference; lastKnownFileType = "compiled.mach-o.dylib"; name = libopencv_imgcodecs.4.0.1.dylib; path = lib/libopencv_imgcodecs.4.0.1.dylib; sourceTree = "<group>"; };
		75AA26E3220DCE5500B7C50D /* libopencv_imgproc.4.0.1.dylib */ = {isa = PBXFileReference; lastKnownFileType = "compiled.mach-o.dylib"; name = libopencv_imgproc.4.0.1.dylib; path = lib/libopencv_imgproc.4.0.1.dylib; sourceTree = "<group>"; };
		75AA26E4220DCE5500B7C50D /* libopencv_ccalib.4.0.1.dylib */ = {isa = PBXFileReference; lastKnownFileType = "compiled.mach-o.dylib"; name = libopencv_ccalib.4.0.1.dylib; path = lib/libopencv_ccalib.4.0.1.dylib; sourceTree = "<group>"; };
		75AA26E5220DCE5500B7C50D /* libopencv_saliency.4.0.1.dylib */ = {isa = PBXFileReference; lastKnownFileType = "compiled.mach-o.dylib"; name = libopencv_saliency.4.0.1.dylib; path = lib/libopencv_saliency.4.0.1.dylib; sourceTree = "<group>"; };
		75AA26E6220DCE5500B7C50D /* libopencv_dnn.4.0.1.dylib */ = {isa = PBXFileReference; lastKnownFileType = "compiled.mach-o.dylib"; name = libopencv_dnn.4.0.1.dylib; path = lib/libopencv_dnn.4.0.1.dylib; sourceTree = "<group>"; };
		75AA26E7220DCE5500B7C50D /* libopencv_shape.4.0.1.dylib */ = {isa = PBXFileReference; lastKnownFileType = "compiled.mach-o.dylib"; name = libopencv_shape.4.0.1.dylib; path = lib/libopencv_shape.4.0.1.dylib; sourceTree = "<group>"; };
		75AA26E8220DCE5500B7C50D /* libopencv_stereo.4.0.1.dylib */ = {isa = PBXFileReference; lastKnownFileType = "compiled.mach-o.dylib"; name = libopencv_stereo.4.0.1.dylib; path = lib/libopencv_stereo.4.0.1.dylib; sourceTree = "<group>"; };
		75AA26E9220DCE5600B7C50D /* libopencv_objdetect.4.0.1.dylib */ = {isa = PBXFileReference; lastKnownFileType = "compiled.mach-o.dylib"; name = libopencv_objdetect.4.0.1.dylib; path = lib/libopencv_objdetect.4.0.1.dylib; sourceTree = "<group>"; };
		75AA26EA220DCE5600B7C50D /* libopencv_face.4.0.1.dylib */ = {isa = PBXFileReference; lastKnownFileType = "compiled.mach-o.dylib"; name = libopencv_face.4.0.1.dylib; path = lib/libopencv_face.4.0.1.dylib; sourceTree = "<group>"; };
		75AA26EB220DCE5600B7C50D /* libopencv_features2d.4.0.1.dylib */ = {isa = PBXFileReference; lastKnownFileType = "compiled.mach-o.dylib"; name = libopencv_features2d.4.0.1.dylib; path = lib/libopencv_features2d.4.0.1.dylib; sourceTree = "<group>"; };
		75AA26EC220DCE5600B7C50D /* libopencv_rgbd.4.0.1.dylib */ = {isa = PBXFileReference; lastKnownFileType = "compiled.mach-o.dylib"; name = libopencv_rgbd.4.0.1.dylib; path = lib/libopencv_rgbd.4.0.1.dylib; sourceTree = "<group>"; };
		75AA26ED220DCE5600B7C50D /* libopencv_structured_light.4.0.1.dylib */ = {isa = PBXFileReference; lastKnownFileType = "compiled.mach-o.dylib"; name = libopencv_structured_light.4.0.1.dylib; path = lib/libopencv_structured_light.4.0.1.dylib; sourceTree = "<group>"; };
		75AA26EE220DCE5600B7C50D /* libopencv_xfeatures2d.4.0.1.dylib */ = {isa = PBXFileReference; lastKnownFileType = "compiled.mach-o.dylib"; name = libopencv_xfeatures2d.4.0.1.dylib; path = lib/libopencv_xfeatures2d.4.0.1.dylib; sourceTree = "<group>"; };
		75AA26EF220DCE5600B7C50D /* libopencv_superres.4.0.1.dylib */ = {isa = PBXFileReference; lastKnownFileType = "compiled.mach-o.dylib"; name = libopencv_superres.4.0.1.dylib; path = lib/libopencv_superres.4.0.1.dylib; sourceTree = "<group>"; };
		75AA26F0220DCE5600B7C50D /* libopencv_stitching.4.0.1.dylib */ = {isa = PBXFileReference; lastKnownFileType = "compiled.mach-o.dylib"; name = libopencv_stitching.4.0.1.dylib; path = lib/libopencv_stitching.4.0.1.dylib; sourceTree = "<group>"; };
		75AA26F1220DCE5600B7C50D /* libopencv_ml.4.0.1.dylib */ = {isa = PBXFileReference; lastKnownFileType = "compiled.mach-o.dylib"; name = libopencv_ml.4.0.1.dylib; path = lib/libopencv_ml.4.0.1.dylib; sourceTree = "<group>"; };
		75AA26F2220DCE5600B7C50D /* libopencv_fuzzy.4.0.1.dylib */ = {isa = PBXFileReference; lastKnownFileType = "compiled.mach-o.dylib"; name = libopencv_fuzzy.4.0.1.dylib; path = lib/libopencv_fuzzy.4.0.1.dylib; sourceTree = "<group>"; };
		75AA26F3220DCE5600B7C50D /* libopencv_img_hash.4.0.1.dylib */ = {isa = PBXFileReference; lastKnownFileType = "compiled.mach-o.dylib"; name = libopencv_img_hash.4.0.1.dylib; path = lib/libopencv_img_hash.4.0.1.dylib; sourceTree = "<group>"; };
		75AA26F4220DCE5600B7C50D /* libopencv_line_descriptor.4.0.1.dylib */ = {isa = PBXFileReference; lastKnownFileType = "compiled.mach-o.dylib"; name = libopencv_line_descriptor.4.0.1.dylib; path = lib/libopencv_line_descriptor.4.0.1.dylib; sourceTree = "<group>"; };
		75AA26F5220DCE5600B7C50D /* libopencv_bioinspired.4.0.1.dylib */ = {isa = PBXFileReference; lastKnownFileType = "compiled.mach-o.dylib"; name = libopencv_bioinspired.4.0.1.dylib; path = lib/libopencv_bioinspired.4.0.1.dylib; sourceTree = "<group>"; };
		75AA26F6220DCE5600B7C50D /* libopencv_surface_matching.4.0.1.dylib */ = {isa = PBXFileReference; lastKnownFileType = "compiled.mach-o.dylib"; name = libopencv_surface_matching.4.0.1.dylib; path = lib/libopencv_surface_matching.4.0.1.dylib; sourceTree = "<group>"; };
		75AA26F7220DCE5600B7C50D /* libopencv_photo.4.0.1.dylib */ = {isa = PBXFileReference; lastKnownFileType = "compiled.mach-o.dylib"; name = libopencv_photo.4.0.1.dylib; path = lib/libopencv_photo.4.0.1.dylib; sourceTree = "<group>"; };
		75AA26F8220DCE5600B7C50D /* libopencv_dpm.4.0.1.dylib */ = {isa = PBXFileReference; lastKnownFileType = "compiled.mach-o.dylib"; name = libopencv_dpm.4.0.1.dylib; path = lib/libopencv_dpm.4.0.1.dylib; sourceTree = "<group>"; };
		75AA26F9220DCE5600B7C50D /* libopencv_hfs.4.0.1.dylib */ = {isa = PBXFileReference; lastKnownFileType = "compiled.mach-o.dylib"; name = libopencv_hfs.4.0.1.dylib; path = lib/libopencv_hfs.4.0.1.dylib; sourceTree = "<group>"; };
		75AA26FA220DCE5600B7C50D /* libopencv_xphoto.4.0.1.dylib */ = {isa = PBXFileReference; lastKnownFileType = "compiled.mach-o.dylib"; name = libopencv_xphoto.4.0.1.dylib; path = lib/libopencv_xphoto.4.0.1.dylib; sourceTree = "<group>"; };
		75AA26FB220DCE5600B7C50D /* libopencv_calib3d.4.0.1.dylib */ = {isa = PBXFileReference; lastKnownFileType = "compiled.mach-o.dylib"; name = libopencv_calib3d.4.0.1.dylib; path = lib/libopencv_calib3d.4.0.1.dylib; sourceTree = "<group>"; };
		75AA26FC220DCE5600B7C50D /* libopencv_tracking.4.0.1.dylib */ = {isa = PBXFileReference; lastKnownFileType = "compiled.mach-o.dylib"; name = libopencv_tracking.4.0.1.dylib; path = lib/libopencv_tracking.4.0.1.dylib; sourceTree = "<group>"; };
		75AA26FD220DCE5600B7C50D /* libopencv_core.4.0.1.dylib */ = {isa = PBXFileReference; lastKnownFileType = "compiled.mach-o.dylib"; name = libopencv_core.4.0.1.dylib; path = lib/libopencv_core.4.0.1.dylib; sourceTree = "<group>"; };
		75AA26FE220DCE5600B7C50D /* libopencv_video.4.0.1.dylib */ = {isa = PBXFileReference; lastKnownFileType = "compiled.mach-o.dylib"; name = libopencv_video.4.0.1.dylib; path = lib/libopencv_video.4.0.1.dylib; sourceTree = "<group>"; };
		75AA26FF220DCE5600B7C50D /* libopencv_ximgproc.4.0.1.dylib */ = {isa = PBXFileReference; lastKnownFileType = "compiled.mach-o.dylib"; name = libopencv_ximgproc.4.0.1.dylib; path = lib/libopencv_ximgproc.4.0.1.dylib; sourceTree = "<group>"; };
		75AA2700220DCE5700B7C50D /* libopencv_bgsegm.4.0.1.dylib */ = {isa = PBXFileReference; lastKnownFileType = "compiled.mach-o.dylib"; name = libopencv_bgsegm.4.0.1.dylib; path = lib/libopencv_bgsegm.4.0.1.dylib; sourceTree = "<group>"; };
		75AA2701220DCE5700B7C50D /* libopencv_videoio.4.0.1.dylib */ = {isa = PBXFileReference; lastKnownFileType = "compiled.mach-o.dylib"; name = libopencv_videoio.4.0.1.dylib; path = lib/libopencv_videoio.4.0.1.dylib; sourceTree = "<group>"; };
		75AA2702220DCE5700B7C50D /* libopencv_datasets.4.0.1.dylib */ = {isa = PBXFileReference; lastKnownFileType = "compiled.mach-o.dylib"; name = libopencv_datasets.4.0.1.dylib; path = lib/libopencv_datasets.4.0.1.dylib; sourceTree = "<group>"; };
		75C8A47C216B7F0800B1E995 /* ImageCutter.cpp */ = {isa = PBXFileReference; lastKnownFileType = sourcecode.cpp.cpp; path = ImageCutter.cpp; sourceTree = "<group>"; };
		75C8A47D216B7F0800B1E995 /* ImageCutter.hpp */ = {isa = PBXFileReference; lastKnownFileType = sourcecode.cpp.h; path = ImageCutter.hpp; sourceTree = "<group>"; };
		75EFCF8C216BA93800436CFC /* Tiler.cpp */ = {isa = PBXFileReference; lastKnownFileType = sourcecode.cpp.cpp; path = Tiler.cpp; sourceTree = "<group>"; };
		75EFCF8D216BA93800436CFC /* Tiler.hpp */ = {isa = PBXFileReference; lastKnownFileType = sourcecode.cpp.h; path = Tiler.hpp; sourceTree = "<group>"; };
/* End PBXFileReference section */

/* Begin PBXFrameworksBuildPhase section */
		759331E62142CC240075496E /* Frameworks */ = {
			isa = PBXFrameworksBuildPhase;
			buildActionMask = 2147483647;
			files = (
				754B421B220F810C00DFB3CC /* libopencv_xobjdetect.4.0.1.dylib in Frameworks */,
				754B4224220F810C00DFB3CC /* libopencv_imgproc.4.0.1.dylib in Frameworks */,
				754B4213220F810C00DFB3CC /* libopencv_highgui.4.0.1.dylib in Frameworks */,
				75AA2703220DCE5700B7C50D /* libopencv_gapi.4.0.1.dylib in Frameworks */,
				754B4200220F810B00DFB3CC /* libopencv_ml.4.0.1.dylib in Frameworks */,
				754B41FC220F810B00DFB3CC /* libopencv_stitching.4.0.1.dylib in Frameworks */,
				75AA2704220DCE5700B7C50D /* libopencv_xobjdetect.4.0.1.dylib in Frameworks */,
				754B4223220F810C00DFB3CC /* libopencv_videoio.4.0.1.dylib in Frameworks */,
				75AA2705220DCE5700B7C50D /* libopencv_phase_unwrapping.4.0.1.dylib in Frameworks */,
				754B420D220F810C00DFB3CC /* libopencv_line_descriptor.4.0.1.dylib in Frameworks */,
				754B420A220F810C00DFB3CC /* libopencv_plot.4.0.1.dylib in Frameworks */,
				754B41FF220F810B00DFB3CC /* libopencv_structured_light.4.0.1.dylib in Frameworks */,
				754B4217220F810C00DFB3CC /* libopencv_datasets.4.0.1.dylib in Frameworks */,
				75AA2706220DCE5700B7C50D /* libopencv_videostab.4.0.1.dylib in Frameworks */,
				75AA2707220DCE5700B7C50D /* libopencv_dnn_objdetect.4.0.1.dylib in Frameworks */,
				75AA2708220DCE5700B7C50D /* libopencv_reg.4.0.1.dylib in Frameworks */,
				754B421A220F810C00DFB3CC /* libopencv_tracking.4.0.1.dylib in Frameworks */,
				754B4202220F810B00DFB3CC /* libopencv_xfeatures2d.4.0.1.dylib in Frameworks */,
				75AA2709220DCE5700B7C50D /* libopencv_flann.4.0.1.dylib in Frameworks */,
				754B4205220F810C00DFB3CC /* libopencv_superres.4.0.1.dylib in Frameworks */,
				75AA270A220DCE5700B7C50D /* libopencv_optflow.4.0.1.dylib in Frameworks */,
				75AA270B220DCE5700B7C50D /* libopencv_highgui.4.0.1.dylib in Frameworks */,
				75AA270C220DCE5700B7C50D /* libopencv_plot.4.0.1.dylib in Frameworks */,
				75AA270D220DCE5700B7C50D /* libopencv_imgcodecs.4.0.1.dylib in Frameworks */,
				75AA270E220DCE5700B7C50D /* libopencv_imgproc.4.0.1.dylib in Frameworks */,
				75AA270F220DCE5700B7C50D /* libopencv_ccalib.4.0.1.dylib in Frameworks */,
				754B4221220F810C00DFB3CC /* libopencv_saliency.4.0.1.dylib in Frameworks */,
				754B4220220F810C00DFB3CC /* libopencv_videostab.4.0.1.dylib in Frameworks */,
				754B4208220F810C00DFB3CC /* libopencv_features2d.4.0.1.dylib in Frameworks */,
				754B4214220F810C00DFB3CC /* libopencv_optflow.4.0.1.dylib in Frameworks */,
				75AA2710220DCE5700B7C50D /* libopencv_saliency.4.0.1.dylib in Frameworks */,
				75AA2711220DCE5700B7C50D /* libopencv_dnn.4.0.1.dylib in Frameworks */,
				754B4227220F810C00DFB3CC /* libopencv_xphoto.4.0.1.dylib in Frameworks */,
				754B4226220F810C00DFB3CC /* libopencv_calib3d.4.0.1.dylib in Frameworks */,
				75AA2712220DCE5700B7C50D /* libopencv_shape.4.0.1.dylib in Frameworks */,
				75AA2713220DCE5700B7C50D /* libopencv_stereo.4.0.1.dylib in Frameworks */,
				754B4215220F810C00DFB3CC /* libopencv_surface_matching.4.0.1.dylib in Frameworks */,
				75AA2714220DCE5700B7C50D /* libopencv_objdetect.4.0.1.dylib in Frameworks */,
				754B4211220F810C00DFB3CC /* libopencv_ccalib.4.0.1.dylib in Frameworks */,
				754B41FD220F810B00DFB3CC /* libopencv_photo.4.0.1.dylib in Frameworks */,
				754B4204220F810C00DFB3CC /* libopencv_core.4.0.1.dylib in Frameworks */,
				754B4216220F810C00DFB3CC /* libopencv_aruco.4.0.1.dylib in Frameworks */,
				754B4222220F810C00DFB3CC /* libopencv_gapi.4.0.1.dylib in Frameworks */,
				754B4212220F810C00DFB3CC /* libopencv_bgsegm.4.0.1.dylib in Frameworks */,
				75AA2715220DCE5700B7C50D /* libopencv_face.4.0.1.dylib in Frameworks */,
				75AA2716220DCE5700B7C50D /* libopencv_features2d.4.0.1.dylib in Frameworks */,
				754B4206220F810C00DFB3CC /* libopencv_video.4.0.1.dylib in Frameworks */,
				75AA2717220DCE5700B7C50D /* libopencv_rgbd.4.0.1.dylib in Frameworks */,
				75AA2718220DCE5700B7C50D /* libopencv_structured_light.4.0.1.dylib in Frameworks */,
				754B41FE220F810B00DFB3CC /* libopencv_bioinspired.4.0.1.dylib in Frameworks */,
				75AA2719220DCE5700B7C50D /* libopencv_xfeatures2d.4.0.1.dylib in Frameworks */,
				75AA271A220DCE5700B7C50D /* libopencv_superres.4.0.1.dylib in Frameworks */,
				75AA271B220DCE5700B7C50D /* libopencv_stitching.4.0.1.dylib in Frameworks */,
				75AA271C220DCE5700B7C50D /* libopencv_ml.4.0.1.dylib in Frameworks */,
				754B420E220F810C00DFB3CC /* libopencv_dpm.4.0.1.dylib in Frameworks */,
				754B4207220F810C00DFB3CC /* libopencv_face.4.0.1.dylib in Frameworks */,
				75AA271D220DCE5700B7C50D /* libopencv_fuzzy.4.0.1.dylib in Frameworks */,
				75AA271E220DCE5700B7C50D /* libopencv_img_hash.4.0.1.dylib in Frameworks */,
				75AA271F220DCE5700B7C50D /* libopencv_line_descriptor.4.0.1.dylib in Frameworks */,
				75AA2720220DCE5700B7C50D /* libopencv_bioinspired.4.0.1.dylib in Frameworks */,
				75AA2721220DCE5700B7C50D /* libopencv_surface_matching.4.0.1.dylib in Frameworks */,
				75AA2722220DCE5700B7C50D /* libopencv_photo.4.0.1.dylib in Frameworks */,
				754B420F220F810C00DFB3CC /* libopencv_shape.4.0.1.dylib in Frameworks */,
				754B421E220F810C00DFB3CC /* libopencv_fuzzy.4.0.1.dylib in Frameworks */,
				75AA2723220DCE5700B7C50D /* libopencv_dpm.4.0.1.dylib in Frameworks */,
				75AA2724220DCE5700B7C50D /* libopencv_hfs.4.0.1.dylib in Frameworks */,
				754B4225220F810C00DFB3CC /* libopencv_stereo.4.0.1.dylib in Frameworks */,
				75AA2725220DCE5700B7C50D /* libopencv_xphoto.4.0.1.dylib in Frameworks */,
				754B421F220F810C00DFB3CC /* libopencv_hfs.4.0.1.dylib in Frameworks */,
				754B4219220F810C00DFB3CC /* libopencv_rgbd.4.0.1.dylib in Frameworks */,
				75AA2726220DCE5700B7C50D /* libopencv_calib3d.4.0.1.dylib in Frameworks */,
				75AA2727220DCE5700B7C50D /* libopencv_tracking.4.0.1.dylib in Frameworks */,
				75AA2728220DCE5700B7C50D /* libopencv_core.4.0.1.dylib in Frameworks */,
				754B4203220F810B00DFB3CC /* libopencv_img_hash.4.0.1.dylib in Frameworks */,
				75AA2729220DCE5700B7C50D /* libopencv_video.4.0.1.dylib in Frameworks */,
				754B421D220F810C00DFB3CC /* libopencv_dnn.4.0.1.dylib in Frameworks */,
				754B420B220F810C00DFB3CC /* libopencv_dnn_objdetect.4.0.1.dylib in Frameworks */,
				754B4210220F810C00DFB3CC /* libopencv_ximgproc.4.0.1.dylib in Frameworks */,
				754B4218220F810C00DFB3CC /* libopencv_flann.4.0.1.dylib in Frameworks */,
				75AA272A220DCE5700B7C50D /* libopencv_ximgproc.4.0.1.dylib in Frameworks */,
				754B4201220F810B00DFB3CC /* libopencv_imgcodecs.4.0.1.dylib in Frameworks */,
				75AA272B220DCE5700B7C50D /* libopencv_bgsegm.4.0.1.dylib in Frameworks */,
				754B420C220F810C00DFB3CC /* libopencv_reg.4.0.1.dylib in Frameworks */,
				75AA272C220DCE5700B7C50D /* libopencv_videoio.4.0.1.dylib in Frameworks */,
				75AA272D220DCE5700B7C50D /* libopencv_datasets.4.0.1.dylib in Frameworks */,
				754B421C220F810C00DFB3CC /* libopencv_objdetect.4.0.1.dylib in Frameworks */,
				75AA26D6220DCD5700B7C50D /* libopencv_aruco.4.0.1.dylib in Frameworks */,
				754B4209220F810C00DFB3CC /* libopencv_phase_unwrapping.4.0.1.dylib in Frameworks */,
			);
			runOnlyForDeploymentPostprocessing = 0;
		};
/* End PBXFrameworksBuildPhase section */

/* Begin PBXGroup section */
		759331E02142CC240075496E = {
			isa = PBXGroup;
			children = (
				7593324A21541B790075496E /* IMG */,
				759331F32142CC300075496E /* lib */,
				759331EB2142CC240075496E /* Image_Mosaic */,
				759331EA2142CC240075496E /* Products */,
				75AA26D7220DCE5400B7C50D /* Frameworks */,
			);
			sourceTree = "<group>";
		};
		759331EA2142CC240075496E /* Products */ = {
			isa = PBXGroup;
			children = (
				759331E92142CC240075496E /* Image_Mosaic */,
			);
			name = Products;
			sourceTree = "<group>";
		};
		759331EB2142CC240075496E /* Image_Mosaic */ = {
			isa = PBXGroup;
			children = (
				759331EC2142CC240075496E /* main.cpp */,
				75C8A47C216B7F0800B1E995 /* ImageCutter.cpp */,
				75C8A47D216B7F0800B1E995 /* ImageCutter.hpp */,
				75EFCF8C216BA93800436CFC /* Tiler.cpp */,
				75EFCF8D216BA93800436CFC /* Tiler.hpp */,
				750EDF16217E29E800D23C41 /* TileAnalyser.cpp */,
				750EDF17217E29E800D23C41 /* TileAnalyser.hpp */,
			);
			path = Image_Mosaic;
			sourceTree = "<group>";
		};
		759331F32142CC300075496E /* lib */ = {
			isa = PBXGroup;
			children = (
				754B41EA220F810900DFB3CC /* libopencv_aruco.4.0.1.dylib */,
				754B41E6220F810800DFB3CC /* libopencv_bgsegm.4.0.1.dylib */,
				754B41D2220F810500DFB3CC /* libopencv_bioinspired.4.0.1.dylib */,
				754B41FA220F810B00DFB3CC /* libopencv_calib3d.4.0.1.dylib */,
				754B41E5220F810800DFB3CC /* libopencv_ccalib.4.0.1.dylib */,
				754B41D8220F810600DFB3CC /* libopencv_core.4.0.1.dylib */,
				754B41EB220F810900DFB3CC /* libopencv_datasets.4.0.1.dylib */,
				754B41DF220F810700DFB3CC /* libopencv_dnn_objdetect.4.0.1.dylib */,
				754B41F1220F810A00DFB3CC /* libopencv_dnn.4.0.1.dylib */,
				754B41E2220F810800DFB3CC /* libopencv_dpm.4.0.1.dylib */,
				754B41DB220F810700DFB3CC /* libopencv_face.4.0.1.dylib */,
				754B41DC220F810700DFB3CC /* libopencv_features2d.4.0.1.dylib */,
				754B41EC220F810900DFB3CC /* libopencv_flann.4.0.1.dylib */,
				754B41F2220F810A00DFB3CC /* libopencv_fuzzy.4.0.1.dylib */,
				754B41F6220F810B00DFB3CC /* libopencv_gapi.4.0.1.dylib */,
				754B41F3220F810A00DFB3CC /* libopencv_hfs.4.0.1.dylib */,
				754B41E7220F810800DFB3CC /* libopencv_highgui.4.0.1.dylib */,
				754B41D7220F810600DFB3CC /* libopencv_img_hash.4.0.1.dylib */,
				754B41D5220F810600DFB3CC /* libopencv_imgcodecs.4.0.1.dylib */,
				754B41F8220F810B00DFB3CC /* libopencv_imgproc.4.0.1.dylib */,
				754B41E1220F810700DFB3CC /* libopencv_line_descriptor.4.0.1.dylib */,
				754B41D4220F810600DFB3CC /* libopencv_ml.4.0.1.dylib */,
				754B41F0220F810A00DFB3CC /* libopencv_objdetect.4.0.1.dylib */,
				754B41E8220F810900DFB3CC /* libopencv_optflow.4.0.1.dylib */,
				754B41DD220F810700DFB3CC /* libopencv_phase_unwrapping.4.0.1.dylib */,
				754B41D1220F810500DFB3CC /* libopencv_photo.4.0.1.dylib */,
				754B41DE220F810700DFB3CC /* libopencv_plot.4.0.1.dylib */,
				754B41E0220F810700DFB3CC /* libopencv_reg.4.0.1.dylib */,
				754B41ED220F810900DFB3CC /* libopencv_rgbd.4.0.1.dylib */,
				754B41F5220F810A00DFB3CC /* libopencv_saliency.4.0.1.dylib */,
				754B41E3220F810800DFB3CC /* libopencv_shape.4.0.1.dylib */,
				754B41F9220F810B00DFB3CC /* libopencv_stereo.4.0.1.dylib */,
				754B41D0220F810500DFB3CC /* libopencv_stitching.4.0.1.dylib */,
				754B41D3220F810500DFB3CC /* libopencv_structured_light.4.0.1.dylib */,
				754B41D9220F810600DFB3CC /* libopencv_superres.4.0.1.dylib */,
				754B41E9220F810900DFB3CC /* libopencv_surface_matching.4.0.1.dylib */,
				754B41EE220F810900DFB3CC /* libopencv_tracking.4.0.1.dylib */,
				754B41DA220F810600DFB3CC /* libopencv_video.4.0.1.dylib */,
				754B41F7220F810B00DFB3CC /* libopencv_videoio.4.0.1.dylib */,
				754B41F4220F810A00DFB3CC /* libopencv_videostab.4.0.1.dylib */,
				754B41D6220F810600DFB3CC /* libopencv_xfeatures2d.4.0.1.dylib */,
				754B41E4220F810800DFB3CC /* libopencv_ximgproc.4.0.1.dylib */,
				754B41EF220F810900DFB3CC /* libopencv_xobjdetect.4.0.1.dylib */,
				754B41FB220F810B00DFB3CC /* libopencv_xphoto.4.0.1.dylib */,
				75AA26D5220DCD5700B7C50D /* libopencv_aruco.4.0.1.dylib */,
			);
			path = lib;
			sourceTree = "<group>";
		};
		7593324A21541B790075496E /* IMG */ = {
			isa = PBXGroup;
			children = (
				7593324C21541B900075496E /* Input */,
				7593324B21541B870075496E /* Output */,
			);
			path = IMG;
			sourceTree = "<group>";
		};
		7593324B21541B870075496E /* Output */ = {
			isa = PBXGroup;
			children = (
			);
			path = Output;
			sourceTree = "<group>";
		};
		7593324C21541B900075496E /* Input */ = {
			isa = PBXGroup;
			children = (
			);
			path = Input;
			sourceTree = "<group>";
		};
		75AA26D7220DCE5400B7C50D /* Frameworks */ = {
			isa = PBXGroup;
			children = (
				75AA2700220DCE5700B7C50D /* libopencv_bgsegm.4.0.1.dylib */,
				75AA26F5220DCE5600B7C50D /* libopencv_bioinspired.4.0.1.dylib */,
				75AA26FB220DCE5600B7C50D /* libopencv_calib3d.4.0.1.dylib */,
				75AA26E4220DCE5500B7C50D /* libopencv_ccalib.4.0.1.dylib */,
				75AA26FD220DCE5600B7C50D /* libopencv_core.4.0.1.dylib */,
				75AA2702220DCE5700B7C50D /* libopencv_datasets.4.0.1.dylib */,
				75AA26DC220DCE5500B7C50D /* libopencv_dnn_objdetect.4.0.1.dylib */,
				75AA26E6220DCE5500B7C50D /* libopencv_dnn.4.0.1.dylib */,
				75AA26F8220DCE5600B7C50D /* libopencv_dpm.4.0.1.dylib */,
				75AA26EA220DCE5600B7C50D /* libopencv_face.4.0.1.dylib */,
				75AA26EB220DCE5600B7C50D /* libopencv_features2d.4.0.1.dylib */,
				75AA26DE220DCE5500B7C50D /* libopencv_flann.4.0.1.dylib */,
				75AA26F2220DCE5600B7C50D /* libopencv_fuzzy.4.0.1.dylib */,
				75AA26D8220DCE5500B7C50D /* libopencv_gapi.4.0.1.dylib */,
				75AA26F9220DCE5600B7C50D /* libopencv_hfs.4.0.1.dylib */,
				75AA26E0220DCE5500B7C50D /* libopencv_highgui.4.0.1.dylib */,
				75AA26F3220DCE5600B7C50D /* libopencv_img_hash.4.0.1.dylib */,
				75AA26E2220DCE5500B7C50D /* libopencv_imgcodecs.4.0.1.dylib */,
				75AA26E3220DCE5500B7C50D /* libopencv_imgproc.4.0.1.dylib */,
				75AA26F4220DCE5600B7C50D /* libopencv_line_descriptor.4.0.1.dylib */,
				75AA26F1220DCE5600B7C50D /* libopencv_ml.4.0.1.dylib */,
				75AA26E9220DCE5600B7C50D /* libopencv_objdetect.4.0.1.dylib */,
				75AA26DF220DCE5500B7C50D /* libopencv_optflow.4.0.1.dylib */,
				75AA26DA220DCE5500B7C50D /* libopencv_phase_unwrapping.4.0.1.dylib */,
				75AA26F7220DCE5600B7C50D /* libopencv_photo.4.0.1.dylib */,
				75AA26E1220DCE5500B7C50D /* libopencv_plot.4.0.1.dylib */,
				75AA26DD220DCE5500B7C50D /* libopencv_reg.4.0.1.dylib */,
				75AA26EC220DCE5600B7C50D /* libopencv_rgbd.4.0.1.dylib */,
				75AA26E5220DCE5500B7C50D /* libopencv_saliency.4.0.1.dylib */,
				75AA26E7220DCE5500B7C50D /* libopencv_shape.4.0.1.dylib */,
				75AA26E8220DCE5500B7C50D /* libopencv_stereo.4.0.1.dylib */,
				75AA26F0220DCE5600B7C50D /* libopencv_stitching.4.0.1.dylib */,
				75AA26ED220DCE5600B7C50D /* libopencv_structured_light.4.0.1.dylib */,
				75AA26EF220DCE5600B7C50D /* libopencv_superres.4.0.1.dylib */,
				75AA26F6220DCE5600B7C50D /* libopencv_surface_matching.4.0.1.dylib */,
				75AA26FC220DCE5600B7C50D /* libopencv_tracking.4.0.1.dylib */,
				75AA26FE220DCE5600B7C50D /* libopencv_video.4.0.1.dylib */,
				75AA2701220DCE5700B7C50D /* libopencv_videoio.4.0.1.dylib */,
				75AA26DB220DCE5500B7C50D /* libopencv_videostab.4.0.1.dylib */,
				75AA26EE220DCE5600B7C50D /* libopencv_xfeatures2d.4.0.1.dylib */,
				75AA26FF220DCE5600B7C50D /* libopencv_ximgproc.4.0.1.dylib */,
				75AA26D9220DCE5500B7C50D /* libopencv_xobjdetect.4.0.1.dylib */,
				75AA26FA220DCE5600B7C50D /* libopencv_xphoto.4.0.1.dylib */,
			);
			name = Frameworks;
			sourceTree = "<group>";
		};
/* End PBXGroup section */

/* Begin PBXNativeTarget section */
		759331E82142CC240075496E /* Image_Mosaic */ = {
			isa = PBXNativeTarget;
			buildConfigurationList = 759331F02142CC240075496E /* Build configuration list for PBXNativeTarget "Image_Mosaic" */;
			buildPhases = (
				759331E52142CC240075496E /* Sources */,
				759331E62142CC240075496E /* Frameworks */,
				759331E72142CC240075496E /* CopyFiles */,
			);
			buildRules = (
			);
			dependencies = (
			);
			name = Image_Mosaic;
			productName = Image_Mosaic;
			productReference = 759331E92142CC240075496E /* Image_Mosaic */;
			productType = "com.apple.product-type.tool";
		};
/* End PBXNativeTarget section */

/* Begin PBXProject section */
		759331E12142CC240075496E /* Project object */ = {
			isa = PBXProject;
			attributes = {
				LastUpgradeCheck = 0940;
				ORGANIZATIONNAME = WangAnnan;
				TargetAttributes = {
					759331E82142CC240075496E = {
						CreatedOnToolsVersion = 9.4.1;
					};
				};
			};
			buildConfigurationList = 759331E42142CC240075496E /* Build configuration list for PBXProject "Image_Mosaic" */;
			compatibilityVersion = "Xcode 9.3";
			developmentRegion = en;
			hasScannedForEncodings = 0;
			knownRegions = (
				en,
			);
			mainGroup = 759331E02142CC240075496E;
			productRefGroup = 759331EA2142CC240075496E /* Products */;
			projectDirPath = "";
			projectRoot = "";
			targets = (
				759331E82142CC240075496E /* Image_Mosaic */,
			);
		};
/* End PBXProject section */

/* Begin PBXSourcesBuildPhase section */
		759331E52142CC240075496E /* Sources */ = {
			isa = PBXSourcesBuildPhase;
			buildActionMask = 2147483647;
			files = (
				759331ED2142CC240075496E /* main.cpp in Sources */,
				75C8A47E216B7F0800B1E995 /* ImageCutter.cpp in Sources */,
				75EFCF8E216BA93800436CFC /* Tiler.cpp in Sources */,
				750EDF18217E29E800D23C41 /* TileAnalyser.cpp in Sources */,
			);
			runOnlyForDeploymentPostprocessing = 0;
		};
/* End PBXSourcesBuildPhase section */

/* Begin XCBuildConfiguration section */
		759331EE2142CC240075496E /* Debug */ = {
			isa = XCBuildConfiguration;
			buildSettings = {
				ALWAYS_SEARCH_USER_PATHS = NO;
				CLANG_ANALYZER_NONNULL = YES;
				CLANG_ANALYZER_NUMBER_OBJECT_CONVERSION = YES_AGGRESSIVE;
				CLANG_CXX_LANGUAGE_STANDARD = "gnu++14";
				CLANG_CXX_LIBRARY = "libc++";
				CLANG_ENABLE_MODULES = YES;
				CLANG_ENABLE_OBJC_ARC = YES;
				CLANG_ENABLE_OBJC_WEAK = YES;
				CLANG_WARN_BLOCK_CAPTURE_AUTORELEASING = YES;
				CLANG_WARN_BOOL_CONVERSION = YES;
				CLANG_WARN_COMMA = YES;
				CLANG_WARN_CONSTANT_CONVERSION = YES;
				CLANG_WARN_DEPRECATED_OBJC_IMPLEMENTATIONS = YES;
				CLANG_WARN_DIRECT_OBJC_ISA_USAGE = YES_ERROR;
				CLANG_WARN_DOCUMENTATION_COMMENTS = YES;
				CLANG_WARN_EMPTY_BODY = YES;
				CLANG_WARN_ENUM_CONVERSION = YES;
				CLANG_WARN_INFINITE_RECURSION = YES;
				CLANG_WARN_INT_CONVERSION = YES;
				CLANG_WARN_NON_LITERAL_NULL_CONVERSION = YES;
				CLANG_WARN_OBJC_IMPLICIT_RETAIN_SELF = YES;
				CLANG_WARN_OBJC_LITERAL_CONVERSION = YES;
				CLANG_WARN_OBJC_ROOT_CLASS = YES_ERROR;
				CLANG_WARN_RANGE_LOOP_ANALYSIS = YES;
				CLANG_WARN_STRICT_PROTOTYPES = YES;
				CLANG_WARN_SUSPICIOUS_MOVE = YES;
				CLANG_WARN_UNGUARDED_AVAILABILITY = YES_AGGRESSIVE;
				CLANG_WARN_UNREACHABLE_CODE = YES;
				CLANG_WARN__DUPLICATE_METHOD_MATCH = YES;
				CODE_SIGN_IDENTITY = "Mac Developer";
				COPY_PHASE_STRIP = NO;
				DEBUG_INFORMATION_FORMAT = dwarf;
				ENABLE_STRICT_OBJC_MSGSEND = YES;
				ENABLE_TESTABILITY = YES;
				GCC_C_LANGUAGE_STANDARD = gnu11;
				GCC_DYNAMIC_NO_PIC = NO;
				GCC_NO_COMMON_BLOCKS = YES;
				GCC_OPTIMIZATION_LEVEL = 0;
				GCC_PREPROCESSOR_DEFINITIONS = (
					"DEBUG=1",
					"$(inherited)",
				);
				GCC_WARN_64_TO_32_BIT_CONVERSION = YES;
				GCC_WARN_ABOUT_RETURN_TYPE = YES_ERROR;
				GCC_WARN_UNDECLARED_SELECTOR = YES;
				GCC_WARN_UNINITIALIZED_AUTOS = YES_AGGRESSIVE;
				GCC_WARN_UNUSED_FUNCTION = YES;
				GCC_WARN_UNUSED_VARIABLE = YES;
				MACOSX_DEPLOYMENT_TARGET = 10.13;
				MTL_ENABLE_DEBUG_INFO = YES;
				ONLY_ACTIVE_ARCH = YES;
				SDKROOT = macosx;
			};
			name = Debug;
		};
		759331EF2142CC240075496E /* Release */ = {
			isa = XCBuildConfiguration;
			buildSettings = {
				ALWAYS_SEARCH_USER_PATHS = NO;
				CLANG_ANALYZER_NONNULL = YES;
				CLANG_ANALYZER_NUMBER_OBJECT_CONVERSION = YES_AGGRESSIVE;
				CLANG_CXX_LANGUAGE_STANDARD = "gnu++14";
				CLANG_CXX_LIBRARY = "libc++";
				CLANG_ENABLE_MODULES = YES;
				CLANG_ENABLE_OBJC_ARC = YES;
				CLANG_ENABLE_OBJC_WEAK = YES;
				CLANG_WARN_BLOCK_CAPTURE_AUTORELEASING = YES;
				CLANG_WARN_BOOL_CONVERSION = YES;
				CLANG_WARN_COMMA = YES;
				CLANG_WARN_CONSTANT_CONVERSION = YES;
				CLANG_WARN_DEPRECATED_OBJC_IMPLEMENTATIONS = YES;
				CLANG_WARN_DIRECT_OBJC_ISA_USAGE = YES_ERROR;
				CLANG_WARN_DOCUMENTATION_COMMENTS = YES;
				CLANG_WARN_EMPTY_BODY = YES;
				CLANG_WARN_ENUM_CONVERSION = YES;
				CLANG_WARN_INFINITE_RECURSION = YES;
				CLANG_WARN_INT_CONVERSION = YES;
				CLANG_WARN_NON_LITERAL_NULL_CONVERSION = YES;
				CLANG_WARN_OBJC_IMPLICIT_RETAIN_SELF = YES;
				CLANG_WARN_OBJC_LITERAL_CONVERSION = YES;
				CLANG_WARN_OBJC_ROOT_CLASS = YES_ERROR;
				CLANG_WARN_RANGE_LOOP_ANALYSIS = YES;
				CLANG_WARN_STRICT_PROTOTYPES = YES;
				CLANG_WARN_SUSPICIOUS_MOVE = YES;
				CLANG_WARN_UNGUARDED_AVAILABILITY = YES_AGGRESSIVE;
				CLANG_WARN_UNREACHABLE_CODE = YES;
				CLANG_WARN__DUPLICATE_METHOD_MATCH = YES;
				CODE_SIGN_IDENTITY = "Mac Developer";
				COPY_PHASE_STRIP = NO;
				DEBUG_INFORMATION_FORMAT = "dwarf-with-dsym";
				ENABLE_NS_ASSERTIONS = NO;
				ENABLE_STRICT_OBJC_MSGSEND = YES;
				GCC_C_LANGUAGE_STANDARD = gnu11;
				GCC_NO_COMMON_BLOCKS = YES;
				GCC_WARN_64_TO_32_BIT_CONVERSION = YES;
				GCC_WARN_ABOUT_RETURN_TYPE = YES_ERROR;
				GCC_WARN_UNDECLARED_SELECTOR = YES;
				GCC_WARN_UNINITIALIZED_AUTOS = YES_AGGRESSIVE;
				GCC_WARN_UNUSED_FUNCTION = YES;
				GCC_WARN_UNUSED_VARIABLE = YES;
				MACOSX_DEPLOYMENT_TARGET = 10.13;
				MTL_ENABLE_DEBUG_INFO = NO;
				SDKROOT = macosx;
			};
			name = Release;
		};
		759331F12142CC240075496E /* Debug */ = {
			isa = XCBuildConfiguration;
			buildSettings = {
				CODE_SIGN_STYLE = Automatic;
				DEVELOPMENT_TEAM = 7A2FPGQ8AJ;
				HEADER_SEARCH_PATHS = /usr/local/include/opencv4;
				LIBRARY_SEARCH_PATHS = (
					"$(inherited)",
					/usr/local/Cellar/opencv/4.0.1/lib,
					"$(PROJECT_DIR)/lib",
				);
				PRODUCT_NAME = "$(TARGET_NAME)";
			};
			name = Debug;
		};
		759331F22142CC240075496E /* Release */ = {
			isa = XCBuildConfiguration;
			buildSettings = {
				CODE_SIGN_STYLE = Automatic;
				DEVELOPMENT_TEAM = 7A2FPGQ8AJ;
				HEADER_SEARCH_PATHS = /usr/local/include/opencv4;
				LIBRARY_SEARCH_PATHS = (
					"$(inherited)",
					/usr/local/Cellar/opencv/4.0.1/lib,
					"$(PROJECT_DIR)/lib",
				);
				PRODUCT_NAME = "$(TARGET_NAME)";
			};
			name = Release;
		};
/* End XCBuildConfiguration section */

/* Begin XCConfigurationList section */
		759331E42142CC240075496E /* Build configuration list for PBXProject "Image_Mosaic" */ = {
			isa = XCConfigurationList;
			buildConfigurations = (
				759331EE2142CC240075496E /* Debug */,
				759331EF2142CC240075496E /* Release */,
			);
			defaultConfigurationIsVisible = 0;
			defaultConfigurationName = Release;
		};
		759331F02142CC240075496E /* Build configuration list for PBXNativeTarget "Image_Mosaic" */ = {
			isa = XCConfigurationList;
			buildConfigurations = (
				759331F12142CC240075496E /* Debug */,
				759331F22142CC240075496E /* Release */,
			);
			defaultConfigurationIsVisible = 0;
			defaultConfigurationName = Release;
		};
/* End XCConfigurationList section */
	};
	rootObject = 759331E12142CC240075496E /* Project object */;
}
