// !$*UTF8*$!
{
	archiveVersion = 1;
	classes = {
	};
	objectVersion = 50;
	objects = {

/* Begin PBXBuildFile section */
		759331ED2142CC240075496E /* main.cpp in Sources */ = {isa = PBXBuildFile; fileRef = 759331EC2142CC240075496E /* main.cpp */; };
		7593321F2142CC840075496E /* libopencv_calib3d.3.4.2.dylib in Frameworks */ = {isa = PBXBuildFile; fileRef = 759331F42142CC7D0075496E /* libopencv_calib3d.3.4.2.dylib */; };
		759332202142CC840075496E /* libopencv_dnn.3.4.2.dylib in Frameworks */ = {isa = PBXBuildFile; fileRef = 759331F52142CC7D0075496E /* libopencv_dnn.3.4.2.dylib */; };
		759332212142CC840075496E /* libopencv_phase_unwrapping.3.4.2.dylib in Frameworks */ = {isa = PBXBuildFile; fileRef = 759331F62142CC7D0075496E /* libopencv_phase_unwrapping.3.4.2.dylib */; };
		759332222142CC840075496E /* libopencv_rgbd.3.4.2.dylib in Frameworks */ = {isa = PBXBuildFile; fileRef = 759331F72142CC7D0075496E /* libopencv_rgbd.3.4.2.dylib */; };
		759332232142CC840075496E /* libopencv_optflow.3.4.2.dylib in Frameworks */ = {isa = PBXBuildFile; fileRef = 759331F82142CC7E0075496E /* libopencv_optflow.3.4.2.dylib */; };
		759332242142CC840075496E /* libopencv_features2d.3.4.2.dylib in Frameworks */ = {isa = PBXBuildFile; fileRef = 759331F92142CC7E0075496E /* libopencv_features2d.3.4.2.dylib */; };
		759332252142CC840075496E /* libopencv_structured_light.3.4.2.dylib in Frameworks */ = {isa = PBXBuildFile; fileRef = 759331FA2142CC7E0075496E /* libopencv_structured_light.3.4.2.dylib */; };
		759332262142CC840075496E /* libopencv_surface_matching.3.4.2.dylib in Frameworks */ = {isa = PBXBuildFile; fileRef = 759331FB2142CC7E0075496E /* libopencv_surface_matching.3.4.2.dylib */; };
		759332272142CC840075496E /* libopencv_ximgproc.3.4.2.dylib in Frameworks */ = {isa = PBXBuildFile; fileRef = 759331FC2142CC7E0075496E /* libopencv_ximgproc.3.4.2.dylib */; };
		759332282142CC840075496E /* libopencv_xfeatures2d.3.4.2.dylib in Frameworks */ = {isa = PBXBuildFile; fileRef = 759331FD2142CC7E0075496E /* libopencv_xfeatures2d.3.4.2.dylib */; };
		759332292142CC840075496E /* libopencv_xobjdetect.3.4.2.dylib in Frameworks */ = {isa = PBXBuildFile; fileRef = 759331FE2142CC7E0075496E /* libopencv_xobjdetect.3.4.2.dylib */; };
		7593322A2142CC840075496E /* libopencv_imgproc.3.4.2.dylib in Frameworks */ = {isa = PBXBuildFile; fileRef = 759331FF2142CC7E0075496E /* libopencv_imgproc.3.4.2.dylib */; };
		7593322B2142CC840075496E /* libopencv_videoio.3.4.2.dylib in Frameworks */ = {isa = PBXBuildFile; fileRef = 759332002142CC7E0075496E /* libopencv_videoio.3.4.2.dylib */; };
		7593322C2142CC840075496E /* libopencv_objdetect.3.4.2.dylib in Frameworks */ = {isa = PBXBuildFile; fileRef = 759332012142CC7E0075496E /* libopencv_objdetect.3.4.2.dylib */; };
		7593322D2142CC840075496E /* libopencv_plot.3.4.2.dylib in Frameworks */ = {isa = PBXBuildFile; fileRef = 759332022142CC7E0075496E /* libopencv_plot.3.4.2.dylib */; };
		7593322E2142CC840075496E /* libopencv_shape.3.4.2.dylib in Frameworks */ = {isa = PBXBuildFile; fileRef = 759332032142CC7F0075496E /* libopencv_shape.3.4.2.dylib */; };
		7593322F2142CC840075496E /* libopencv_stereo.3.4.2.dylib in Frameworks */ = {isa = PBXBuildFile; fileRef = 759332042142CC7F0075496E /* libopencv_stereo.3.4.2.dylib */; };
		759332302142CC840075496E /* libopencv_video.3.4.2.dylib in Frameworks */ = {isa = PBXBuildFile; fileRef = 759332052142CC7F0075496E /* libopencv_video.3.4.2.dylib */; };
		759332312142CC840075496E /* libopencv_highgui.3.4.2.dylib in Frameworks */ = {isa = PBXBuildFile; fileRef = 759332062142CC7F0075496E /* libopencv_highgui.3.4.2.dylib */; };
		759332322142CC840075496E /* libopencv_stitching.3.4.2.dylib in Frameworks */ = {isa = PBXBuildFile; fileRef = 759332072142CC7F0075496E /* libopencv_stitching.3.4.2.dylib */; };
		759332332142CC840075496E /* libopencv_img_hash.3.4.2.dylib in Frameworks */ = {isa = PBXBuildFile; fileRef = 759332082142CC7F0075496E /* libopencv_img_hash.3.4.2.dylib */; };
		759332342142CC840075496E /* libopencv_tracking.3.4.2.dylib in Frameworks */ = {isa = PBXBuildFile; fileRef = 759332092142CC7F0075496E /* libopencv_tracking.3.4.2.dylib */; };
		759332352142CC840075496E /* libopencv_dnn_objdetect.3.4.2.dylib in Frameworks */ = {isa = PBXBuildFile; fileRef = 7593320A2142CC7F0075496E /* libopencv_dnn_objdetect.3.4.2.dylib */; };
		759332362142CC840075496E /* libopencv_saliency.3.4.2.dylib in Frameworks */ = {isa = PBXBuildFile; fileRef = 7593320B2142CC800075496E /* libopencv_saliency.3.4.2.dylib */; };
		759332372142CC840075496E /* libopencv_ml.3.4.2.dylib in Frameworks */ = {isa = PBXBuildFile; fileRef = 7593320C2142CC800075496E /* libopencv_ml.3.4.2.dylib */; };
		759332382142CC840075496E /* libopencv_xphoto.3.4.2.dylib in Frameworks */ = {isa = PBXBuildFile; fileRef = 7593320D2142CC800075496E /* libopencv_xphoto.3.4.2.dylib */; };
		759332392142CC840075496E /* libopencv_bgsegm.3.4.2.dylib in Frameworks */ = {isa = PBXBuildFile; fileRef = 7593320E2142CC800075496E /* libopencv_bgsegm.3.4.2.dylib */; };
		7593323A2142CC840075496E /* libopencv_dpm.3.4.2.dylib in Frameworks */ = {isa = PBXBuildFile; fileRef = 7593320F2142CC800075496E /* libopencv_dpm.3.4.2.dylib */; };
		7593323B2142CC840075496E /* libopencv_aruco.3.4.2.dylib in Frameworks */ = {isa = PBXBuildFile; fileRef = 759332102142CC800075496E /* libopencv_aruco.3.4.2.dylib */; };
		7593323C2142CC840075496E /* libopencv_core.3.4.2.dylib in Frameworks */ = {isa = PBXBuildFile; fileRef = 759332112142CC810075496E /* libopencv_core.3.4.2.dylib */; };
		7593323D2142CC840075496E /* libopencv_videostab.3.4.2.dylib in Frameworks */ = {isa = PBXBuildFile; fileRef = 759332122142CC810075496E /* libopencv_videostab.3.4.2.dylib */; };
		7593323E2142CC840075496E /* libopencv_reg.3.4.2.dylib in Frameworks */ = {isa = PBXBuildFile; fileRef = 759332132142CC810075496E /* libopencv_reg.3.4.2.dylib */; };
		7593323F2142CC840075496E /* libopencv_ccalib.3.4.2.dylib in Frameworks */ = {isa = PBXBuildFile; fileRef = 759332142142CC810075496E /* libopencv_ccalib.3.4.2.dylib */; };
		759332402142CC840075496E /* libopencv_datasets.3.4.2.dylib in Frameworks */ = {isa = PBXBuildFile; fileRef = 759332152142CC820075496E /* libopencv_datasets.3.4.2.dylib */; };
		759332412142CC840075496E /* libopencv_fuzzy.3.4.2.dylib in Frameworks */ = {isa = PBXBuildFile; fileRef = 759332162142CC820075496E /* libopencv_fuzzy.3.4.2.dylib */; };
		759332422142CC840075496E /* libopencv_photo.3.4.2.dylib in Frameworks */ = {isa = PBXBuildFile; fileRef = 759332172142CC820075496E /* libopencv_photo.3.4.2.dylib */; };
		759332432142CC840075496E /* libopencv_flann.3.4.2.dylib in Frameworks */ = {isa = PBXBuildFile; fileRef = 759332182142CC820075496E /* libopencv_flann.3.4.2.dylib */; };
		759332442142CC840075496E /* libopencv_superres.3.4.2.dylib in Frameworks */ = {isa = PBXBuildFile; fileRef = 759332192142CC830075496E /* libopencv_superres.3.4.2.dylib */; };
		759332452142CC840075496E /* libopencv_imgcodecs.3.4.2.dylib in Frameworks */ = {isa = PBXBuildFile; fileRef = 7593321A2142CC830075496E /* libopencv_imgcodecs.3.4.2.dylib */; };
		759332462142CC840075496E /* libopencv_hfs.3.4.2.dylib in Frameworks */ = {isa = PBXBuildFile; fileRef = 7593321B2142CC830075496E /* libopencv_hfs.3.4.2.dylib */; };
		759332472142CC840075496E /* libopencv_bioinspired.3.4.2.dylib in Frameworks */ = {isa = PBXBuildFile; fileRef = 7593321C2142CC830075496E /* libopencv_bioinspired.3.4.2.dylib */; };
		759332482142CC840075496E /* libopencv_face.3.4.2.dylib in Frameworks */ = {isa = PBXBuildFile; fileRef = 7593321D2142CC830075496E /* libopencv_face.3.4.2.dylib */; };
		759332492142CC840075496E /* libopencv_line_descriptor.3.4.2.dylib in Frameworks */ = {isa = PBXBuildFile; fileRef = 7593321E2142CC830075496E /* libopencv_line_descriptor.3.4.2.dylib */; };
/* End PBXBuildFile section */

/* Begin PBXCopyFilesBuildPhase section */
		759331E72142CC240075496E /* CopyFiles */ = {
			isa = PBXCopyFilesBuildPhase;
			buildActionMask = 2147483647;
			dstPath = /usr/share/man/man1/;
			dstSubfolderSpec = 0;
			files = (
			);
			runOnlyForDeploymentPostprocessing = 1;
		};
/* End PBXCopyFilesBuildPhase section */

/* Begin PBXFileReference section */
		759331E92142CC240075496E /* Image_Mosaic */ = {isa = PBXFileReference; explicitFileType = "compiled.mach-o.executable"; includeInIndex = 0; path = Image_Mosaic; sourceTree = BUILT_PRODUCTS_DIR; };
		759331EC2142CC240075496E /* main.cpp */ = {isa = PBXFileReference; lastKnownFileType = sourcecode.cpp.cpp; path = main.cpp; sourceTree = "<group>"; };
		759331F42142CC7D0075496E /* libopencv_calib3d.3.4.2.dylib */ = {isa = PBXFileReference; lastKnownFileType = "compiled.mach-o.dylib"; name = libopencv_calib3d.3.4.2.dylib; path = ../../../../usr/local/Cellar/opencv/3.4.2/lib/libopencv_calib3d.3.4.2.dylib; sourceTree = "<group>"; };
		759331F52142CC7D0075496E /* libopencv_dnn.3.4.2.dylib */ = {isa = PBXFileReference; lastKnownFileType = "compiled.mach-o.dylib"; name = libopencv_dnn.3.4.2.dylib; path = ../../../../usr/local/Cellar/opencv/3.4.2/lib/libopencv_dnn.3.4.2.dylib; sourceTree = "<group>"; };
		759331F62142CC7D0075496E /* libopencv_phase_unwrapping.3.4.2.dylib */ = {isa = PBXFileReference; lastKnownFileType = "compiled.mach-o.dylib"; name = libopencv_phase_unwrapping.3.4.2.dylib; path = ../../../../usr/local/Cellar/opencv/3.4.2/lib/libopencv_phase_unwrapping.3.4.2.dylib; sourceTree = "<group>"; };
		759331F72142CC7D0075496E /* libopencv_rgbd.3.4.2.dylib */ = {isa = PBXFileReference; lastKnownFileType = "compiled.mach-o.dylib"; name = libopencv_rgbd.3.4.2.dylib; path = ../../../../usr/local/Cellar/opencv/3.4.2/lib/libopencv_rgbd.3.4.2.dylib; sourceTree = "<group>"; };
		759331F82142CC7E0075496E /* libopencv_optflow.3.4.2.dylib */ = {isa = PBXFileReference; lastKnownFileType = "compiled.mach-o.dylib"; name = libopencv_optflow.3.4.2.dylib; path = ../../../../usr/local/Cellar/opencv/3.4.2/lib/libopencv_optflow.3.4.2.dylib; sourceTree = "<group>"; };
		759331F92142CC7E0075496E /* libopencv_features2d.3.4.2.dylib */ = {isa = PBXFileReference; lastKnownFileType = "compiled.mach-o.dylib"; name = libopencv_features2d.3.4.2.dylib; path = ../../../../usr/local/Cellar/opencv/3.4.2/lib/libopencv_features2d.3.4.2.dylib; sourceTree = "<group>"; };
		759331FA2142CC7E0075496E /* libopencv_structured_light.3.4.2.dylib */ = {isa = PBXFileReference; lastKnownFileType = "compiled.mach-o.dylib"; name = libopencv_structured_light.3.4.2.dylib; path = ../../../../usr/local/Cellar/opencv/3.4.2/lib/libopencv_structured_light.3.4.2.dylib; sourceTree = "<group>"; };
		759331FB2142CC7E0075496E /* libopencv_surface_matching.3.4.2.dylib */ = {isa = PBXFileReference; lastKnownFileType = "compiled.mach-o.dylib"; name = libopencv_surface_matching.3.4.2.dylib; path = ../../../../usr/local/Cellar/opencv/3.4.2/lib/libopencv_surface_matching.3.4.2.dylib; sourceTree = "<group>"; };
		759331FC2142CC7E0075496E /* libopencv_ximgproc.3.4.2.dylib */ = {isa = PBXFileReference; lastKnownFileType = "compiled.mach-o.dylib"; name = libopencv_ximgproc.3.4.2.dylib; path = ../../../../usr/local/Cellar/opencv/3.4.2/lib/libopencv_ximgproc.3.4.2.dylib; sourceTree = "<group>"; };
		759331FD2142CC7E0075496E /* libopencv_xfeatures2d.3.4.2.dylib */ = {isa = PBXFileReference; lastKnownFileType = "compiled.mach-o.dylib"; name = libopencv_xfeatures2d.3.4.2.dylib; path = ../../../../usr/local/Cellar/opencv/3.4.2/lib/libopencv_xfeatures2d.3.4.2.dylib; sourceTree = "<group>"; };
		759331FE2142CC7E0075496E /* libopencv_xobjdetect.3.4.2.dylib */ = {isa = PBXFileReference; lastKnownFileType = "compiled.mach-o.dylib"; name = libopencv_xobjdetect.3.4.2.dylib; path = ../../../../usr/local/Cellar/opencv/3.4.2/lib/libopencv_xobjdetect.3.4.2.dylib; sourceTree = "<group>"; };
		759331FF2142CC7E0075496E /* libopencv_imgproc.3.4.2.dylib */ = {isa = PBXFileReference; lastKnownFileType = "compiled.mach-o.dylib"; name = libopencv_imgproc.3.4.2.dylib; path = ../../../../usr/local/Cellar/opencv/3.4.2/lib/libopencv_imgproc.3.4.2.dylib; sourceTree = "<group>"; };
		759332002142CC7E0075496E /* libopencv_videoio.3.4.2.dylib */ = {isa = PBXFileReference; lastKnownFileType = "compiled.mach-o.dylib"; name = libopencv_videoio.3.4.2.dylib; path = ../../../../usr/local/Cellar/opencv/3.4.2/lib/libopencv_videoio.3.4.2.dylib; sourceTree = "<group>"; };
		759332012142CC7E0075496E /* libopencv_objdetect.3.4.2.dylib */ = {isa = PBXFileReference; lastKnownFileType = "compiled.mach-o.dylib"; name = libopencv_objdetect.3.4.2.dylib; path = ../../../../usr/local/Cellar/opencv/3.4.2/lib/libopencv_objdetect.3.4.2.dylib; sourceTree = "<group>"; };
		759332022142CC7E0075496E /* libopencv_plot.3.4.2.dylib */ = {isa = PBXFileReference; lastKnownFileType = "compiled.mach-o.dylib"; name = libopencv_plot.3.4.2.dylib; path = ../../../../usr/local/Cellar/opencv/3.4.2/lib/libopencv_plot.3.4.2.dylib; sourceTree = "<group>"; };
		759332032142CC7F0075496E /* libopencv_shape.3.4.2.dylib */ = {isa = PBXFileReference; lastKnownFileType = "compiled.mach-o.dylib"; name = libopencv_shape.3.4.2.dylib; path = ../../../../usr/local/Cellar/opencv/3.4.2/lib/libopencv_shape.3.4.2.dylib; sourceTree = "<group>"; };
		759332042142CC7F0075496E /* libopencv_stereo.3.4.2.dylib */ = {isa = PBXFileReference; lastKnownFileType = "compiled.mach-o.dylib"; name = libopencv_stereo.3.4.2.dylib; path = ../../../../usr/local/Cellar/opencv/3.4.2/lib/libopencv_stereo.3.4.2.dylib; sourceTree = "<group>"; };
		759332052142CC7F0075496E /* libopencv_video.3.4.2.dylib */ = {isa = PBXFileReference; lastKnownFileType = "compiled.mach-o.dylib"; name = libopencv_video.3.4.2.dylib; path = ../../../../usr/local/Cellar/opencv/3.4.2/lib/libopencv_video.3.4.2.dylib; sourceTree = "<group>"; };
		759332062142CC7F0075496E /* libopencv_highgui.3.4.2.dylib */ = {isa = PBXFileReference; lastKnownFileType = "compiled.mach-o.dylib"; name = libopencv_highgui.3.4.2.dylib; path = ../../../../usr/local/Cellar/opencv/3.4.2/lib/libopencv_highgui.3.4.2.dylib; sourceTree = "<group>"; };
		759332072142CC7F0075496E /* libopencv_stitching.3.4.2.dylib */ = {isa = PBXFileReference; lastKnownFileType = "compiled.mach-o.dylib"; name = libopencv_stitching.3.4.2.dylib; path = ../../../../usr/local/Cellar/opencv/3.4.2/lib/libopencv_stitching.3.4.2.dylib; sourceTree = "<group>"; };
		759332082142CC7F0075496E /* libopencv_img_hash.3.4.2.dylib */ = {isa = PBXFileReference; lastKnownFileType = "compiled.mach-o.dylib"; name = libopencv_img_hash.3.4.2.dylib; path = ../../../../usr/local/Cellar/opencv/3.4.2/lib/libopencv_img_hash.3.4.2.dylib; sourceTree = "<group>"; };
		759332092142CC7F0075496E /* libopencv_tracking.3.4.2.dylib */ = {isa = PBXFileReference; lastKnownFileType = "compiled.mach-o.dylib"; name = libopencv_tracking.3.4.2.dylib; path = ../../../../usr/local/Cellar/opencv/3.4.2/lib/libopencv_tracking.3.4.2.dylib; sourceTree = "<group>"; };
		7593320A2142CC7F0075496E /* libopencv_dnn_objdetect.3.4.2.dylib */ = {isa = PBXFileReference; lastKnownFileType = "compiled.mach-o.dylib"; name = libopencv_dnn_objdetect.3.4.2.dylib; path = ../../../../usr/local/Cellar/opencv/3.4.2/lib/libopencv_dnn_objdetect.3.4.2.dylib; sourceTree = "<group>"; };
		7593320B2142CC800075496E /* libopencv_saliency.3.4.2.dylib */ = {isa = PBXFileReference; lastKnownFileType = "compiled.mach-o.dylib"; name = libopencv_saliency.3.4.2.dylib; path = ../../../../usr/local/Cellar/opencv/3.4.2/lib/libopencv_saliency.3.4.2.dylib; sourceTree = "<group>"; };
		7593320C2142CC800075496E /* libopencv_ml.3.4.2.dylib */ = {isa = PBXFileReference; lastKnownFileType = "compiled.mach-o.dylib"; name = libopencv_ml.3.4.2.dylib; path = ../../../../usr/local/Cellar/opencv/3.4.2/lib/libopencv_ml.3.4.2.dylib; sourceTree = "<group>"; };
		7593320D2142CC800075496E /* libopencv_xphoto.3.4.2.dylib */ = {isa = PBXFileReference; lastKnownFileType = "compiled.mach-o.dylib"; name = libopencv_xphoto.3.4.2.dylib; path = ../../../../usr/local/Cellar/opencv/3.4.2/lib/libopencv_xphoto.3.4.2.dylib; sourceTree = "<group>"; };
		7593320E2142CC800075496E /* libopencv_bgsegm.3.4.2.dylib */ = {isa = PBXFileReference; lastKnownFileType = "compiled.mach-o.dylib"; name = libopencv_bgsegm.3.4.2.dylib; path = ../../../../usr/local/Cellar/opencv/3.4.2/lib/libopencv_bgsegm.3.4.2.dylib; sourceTree = "<group>"; };
		7593320F2142CC800075496E /* libopencv_dpm.3.4.2.dylib */ = {isa = PBXFileReference; lastKnownFileType = "compiled.mach-o.dylib"; name = libopencv_dpm.3.4.2.dylib; path = ../../../../usr/local/Cellar/opencv/3.4.2/lib/libopencv_dpm.3.4.2.dylib; sourceTree = "<group>"; };
		759332102142CC800075496E /* libopencv_aruco.3.4.2.dylib */ = {isa = PBXFileReference; lastKnownFileType = "compiled.mach-o.dylib"; name = libopencv_aruco.3.4.2.dylib; path = ../../../../usr/local/Cellar/opencv/3.4.2/lib/libopencv_aruco.3.4.2.dylib; sourceTree = "<group>"; };
		759332112142CC810075496E /* libopencv_core.3.4.2.dylib */ = {isa = PBXFileReference; lastKnownFileType = "compiled.mach-o.dylib"; name = libopencv_core.3.4.2.dylib; path = ../../../../usr/local/Cellar/opencv/3.4.2/lib/libopencv_core.3.4.2.dylib; sourceTree = "<group>"; };
		759332122142CC810075496E /* libopencv_videostab.3.4.2.dylib */ = {isa = PBXFileReference; lastKnownFileType = "compiled.mach-o.dylib"; name = libopencv_videostab.3.4.2.dylib; path = ../../../../usr/local/Cellar/opencv/3.4.2/lib/libopencv_videostab.3.4.2.dylib; sourceTree = "<group>"; };
		759332132142CC810075496E /* libopencv_reg.3.4.2.dylib */ = {isa = PBXFileReference; lastKnownFileType = "compiled.mach-o.dylib"; name = libopencv_reg.3.4.2.dylib; path = ../../../../usr/local/Cellar/opencv/3.4.2/lib/libopencv_reg.3.4.2.dylib; sourceTree = "<group>"; };
		759332142142CC810075496E /* libopencv_ccalib.3.4.2.dylib */ = {isa = PBXFileReference; lastKnownFileType = "compiled.mach-o.dylib"; name = libopencv_ccalib.3.4.2.dylib; path = ../../../../usr/local/Cellar/opencv/3.4.2/lib/libopencv_ccalib.3.4.2.dylib; sourceTree = "<group>"; };
		759332152142CC820075496E /* libopencv_datasets.3.4.2.dylib */ = {isa = PBXFileReference; lastKnownFileType = "compiled.mach-o.dylib"; name = libopencv_datasets.3.4.2.dylib; path = ../../../../usr/local/Cellar/opencv/3.4.2/lib/libopencv_datasets.3.4.2.dylib; sourceTree = "<group>"; };
		759332162142CC820075496E /* libopencv_fuzzy.3.4.2.dylib */ = {isa = PBXFileReference; lastKnownFileType = "compiled.mach-o.dylib"; name = libopencv_fuzzy.3.4.2.dylib; path = ../../../../usr/local/Cellar/opencv/3.4.2/lib/libopencv_fuzzy.3.4.2.dylib; sourceTree = "<group>"; };
		759332172142CC820075496E /* libopencv_photo.3.4.2.dylib */ = {isa = PBXFileReference; lastKnownFileType = "compiled.mach-o.dylib"; name = libopencv_photo.3.4.2.dylib; path = ../../../../usr/local/Cellar/opencv/3.4.2/lib/libopencv_photo.3.4.2.dylib; sourceTree = "<group>"; };
		759332182142CC820075496E /* libopencv_flann.3.4.2.dylib */ = {isa = PBXFileReference; lastKnownFileType = "compiled.mach-o.dylib"; name = libopencv_flann.3.4.2.dylib; path = ../../../../usr/local/Cellar/opencv/3.4.2/lib/libopencv_flann.3.4.2.dylib; sourceTree = "<group>"; };
		759332192142CC830075496E /* libopencv_superres.3.4.2.dylib */ = {isa = PBXFileReference; lastKnownFileType = "compiled.mach-o.dylib"; name = libopencv_superres.3.4.2.dylib; path = ../../../../usr/local/Cellar/opencv/3.4.2/lib/libopencv_superres.3.4.2.dylib; sourceTree = "<group>"; };
		7593321A2142CC830075496E /* libopencv_imgcodecs.3.4.2.dylib */ = {isa = PBXFileReference; lastKnownFileType = "compiled.mach-o.dylib"; name = libopencv_imgcodecs.3.4.2.dylib; path = ../../../../usr/local/Cellar/opencv/3.4.2/lib/libopencv_imgcodecs.3.4.2.dylib; sourceTree = "<group>"; };
		7593321B2142CC830075496E /* libopencv_hfs.3.4.2.dylib */ = {isa = PBXFileReference; lastKnownFileType = "compiled.mach-o.dylib"; name = libopencv_hfs.3.4.2.dylib; path = ../../../../usr/local/Cellar/opencv/3.4.2/lib/libopencv_hfs.3.4.2.dylib; sourceTree = "<group>"; };
		7593321C2142CC830075496E /* libopencv_bioinspired.3.4.2.dylib */ = {isa = PBXFileReference; lastKnownFileType = "compiled.mach-o.dylib"; name = libopencv_bioinspired.3.4.2.dylib; path = ../../../../usr/local/Cellar/opencv/3.4.2/lib/libopencv_bioinspired.3.4.2.dylib; sourceTree = "<group>"; };
		7593321D2142CC830075496E /* libopencv_face.3.4.2.dylib */ = {isa = PBXFileReference; lastKnownFileType = "compiled.mach-o.dylib"; name = libopencv_face.3.4.2.dylib; path = ../../../../usr/local/Cellar/opencv/3.4.2/lib/libopencv_face.3.4.2.dylib; sourceTree = "<group>"; };
		7593321E2142CC830075496E /* libopencv_line_descriptor.3.4.2.dylib */ = {isa = PBXFileReference; lastKnownFileType = "compiled.mach-o.dylib"; name = libopencv_line_descriptor.3.4.2.dylib; path = ../../../../usr/local/Cellar/opencv/3.4.2/lib/libopencv_line_descriptor.3.4.2.dylib; sourceTree = "<group>"; };
/* End PBXFileReference section */

/* Begin PBXFrameworksBuildPhase section */
		759331E62142CC240075496E /* Frameworks */ = {
			isa = PBXFrameworksBuildPhase;
			buildActionMask = 2147483647;
			files = (
				759332462142CC840075496E /* libopencv_hfs.3.4.2.dylib in Frameworks */,
				759332252142CC840075496E /* libopencv_structured_light.3.4.2.dylib in Frameworks */,
				759332242142CC840075496E /* libopencv_features2d.3.4.2.dylib in Frameworks */,
				759332302142CC840075496E /* libopencv_video.3.4.2.dylib in Frameworks */,
				7593322E2142CC840075496E /* libopencv_shape.3.4.2.dylib in Frameworks */,
				759332282142CC840075496E /* libopencv_xfeatures2d.3.4.2.dylib in Frameworks */,
				7593322F2142CC840075496E /* libopencv_stereo.3.4.2.dylib in Frameworks */,
				759332212142CC840075496E /* libopencv_phase_unwrapping.3.4.2.dylib in Frameworks */,
				759332432142CC840075496E /* libopencv_flann.3.4.2.dylib in Frameworks */,
				759332422142CC840075496E /* libopencv_photo.3.4.2.dylib in Frameworks */,
				759332442142CC840075496E /* libopencv_superres.3.4.2.dylib in Frameworks */,
				759332352142CC840075496E /* libopencv_dnn_objdetect.3.4.2.dylib in Frameworks */,
				759332392142CC840075496E /* libopencv_bgsegm.3.4.2.dylib in Frameworks */,
				759332452142CC840075496E /* libopencv_imgcodecs.3.4.2.dylib in Frameworks */,
				759332402142CC840075496E /* libopencv_datasets.3.4.2.dylib in Frameworks */,
				7593321F2142CC840075496E /* libopencv_calib3d.3.4.2.dylib in Frameworks */,
				7593322B2142CC840075496E /* libopencv_videoio.3.4.2.dylib in Frameworks */,
				759332202142CC840075496E /* libopencv_dnn.3.4.2.dylib in Frameworks */,
				759332272142CC840075496E /* libopencv_ximgproc.3.4.2.dylib in Frameworks */,
				759332362142CC840075496E /* libopencv_saliency.3.4.2.dylib in Frameworks */,
				7593323F2142CC840075496E /* libopencv_ccalib.3.4.2.dylib in Frameworks */,
				759332342142CC840075496E /* libopencv_tracking.3.4.2.dylib in Frameworks */,
				759332232142CC840075496E /* libopencv_optflow.3.4.2.dylib in Frameworks */,
				7593322C2142CC840075496E /* libopencv_objdetect.3.4.2.dylib in Frameworks */,
				759332412142CC840075496E /* libopencv_fuzzy.3.4.2.dylib in Frameworks */,
				759332312142CC840075496E /* libopencv_highgui.3.4.2.dylib in Frameworks */,
				7593322A2142CC840075496E /* libopencv_imgproc.3.4.2.dylib in Frameworks */,
				759332492142CC840075496E /* libopencv_line_descriptor.3.4.2.dylib in Frameworks */,
				759332482142CC840075496E /* libopencv_face.3.4.2.dylib in Frameworks */,
				759332472142CC840075496E /* libopencv_bioinspired.3.4.2.dylib in Frameworks */,
				759332382142CC840075496E /* libopencv_xphoto.3.4.2.dylib in Frameworks */,
				759332372142CC840075496E /* libopencv_ml.3.4.2.dylib in Frameworks */,
				7593322D2142CC840075496E /* libopencv_plot.3.4.2.dylib in Frameworks */,
				759332292142CC840075496E /* libopencv_xobjdetect.3.4.2.dylib in Frameworks */,
				7593323D2142CC840075496E /* libopencv_videostab.3.4.2.dylib in Frameworks */,
				759332222142CC840075496E /* libopencv_rgbd.3.4.2.dylib in Frameworks */,
				7593323B2142CC840075496E /* libopencv_aruco.3.4.2.dylib in Frameworks */,
				7593323C2142CC840075496E /* libopencv_core.3.4.2.dylib in Frameworks */,
				7593323A2142CC840075496E /* libopencv_dpm.3.4.2.dylib in Frameworks */,
				759332332142CC840075496E /* libopencv_img_hash.3.4.2.dylib in Frameworks */,
				7593323E2142CC840075496E /* libopencv_reg.3.4.2.dylib in Frameworks */,
				759332322142CC840075496E /* libopencv_stitching.3.4.2.dylib in Frameworks */,
				759332262142CC840075496E /* libopencv_surface_matching.3.4.2.dylib in Frameworks */,
			);
			runOnlyForDeploymentPostprocessing = 0;
		};
/* End PBXFrameworksBuildPhase section */

/* Begin PBXGroup section */
		759331E02142CC240075496E = {
			isa = PBXGroup;
			children = (
				759331F32142CC300075496E /* lib */,
				759331EB2142CC240075496E /* Image_Mosaic */,
				759331EA2142CC240075496E /* Products */,
			);
			sourceTree = "<group>";
		};
		759331EA2142CC240075496E /* Products */ = {
			isa = PBXGroup;
			children = (
				759331E92142CC240075496E /* Image_Mosaic */,
			);
			name = Products;
			sourceTree = "<group>";
		};
		759331EB2142CC240075496E /* Image_Mosaic */ = {
			isa = PBXGroup;
			children = (
				759331EC2142CC240075496E /* main.cpp */,
			);
			path = Image_Mosaic;
			sourceTree = "<group>";
		};
		759331F32142CC300075496E /* lib */ = {
			isa = PBXGroup;
			children = (
				759332102142CC800075496E /* libopencv_aruco.3.4.2.dylib */,
				7593320E2142CC800075496E /* libopencv_bgsegm.3.4.2.dylib */,
				7593321C2142CC830075496E /* libopencv_bioinspired.3.4.2.dylib */,
				759331F42142CC7D0075496E /* libopencv_calib3d.3.4.2.dylib */,
				759332142142CC810075496E /* libopencv_ccalib.3.4.2.dylib */,
				759332112142CC810075496E /* libopencv_core.3.4.2.dylib */,
				759332152142CC820075496E /* libopencv_datasets.3.4.2.dylib */,
				7593320A2142CC7F0075496E /* libopencv_dnn_objdetect.3.4.2.dylib */,
				759331F52142CC7D0075496E /* libopencv_dnn.3.4.2.dylib */,
				7593320F2142CC800075496E /* libopencv_dpm.3.4.2.dylib */,
				7593321D2142CC830075496E /* libopencv_face.3.4.2.dylib */,
				759331F92142CC7E0075496E /* libopencv_features2d.3.4.2.dylib */,
				759332182142CC820075496E /* libopencv_flann.3.4.2.dylib */,
				759332162142CC820075496E /* libopencv_fuzzy.3.4.2.dylib */,
				7593321B2142CC830075496E /* libopencv_hfs.3.4.2.dylib */,
				759332062142CC7F0075496E /* libopencv_highgui.3.4.2.dylib */,
				759332082142CC7F0075496E /* libopencv_img_hash.3.4.2.dylib */,
				7593321A2142CC830075496E /* libopencv_imgcodecs.3.4.2.dylib */,
				759331FF2142CC7E0075496E /* libopencv_imgproc.3.4.2.dylib */,
				7593321E2142CC830075496E /* libopencv_line_descriptor.3.4.2.dylib */,
				7593320C2142CC800075496E /* libopencv_ml.3.4.2.dylib */,
				759332012142CC7E0075496E /* libopencv_objdetect.3.4.2.dylib */,
				759331F82142CC7E0075496E /* libopencv_optflow.3.4.2.dylib */,
				759331F62142CC7D0075496E /* libopencv_phase_unwrapping.3.4.2.dylib */,
				759332172142CC820075496E /* libopencv_photo.3.4.2.dylib */,
				759332022142CC7E0075496E /* libopencv_plot.3.4.2.dylib */,
				759332132142CC810075496E /* libopencv_reg.3.4.2.dylib */,
				759331F72142CC7D0075496E /* libopencv_rgbd.3.4.2.dylib */,
				7593320B2142CC800075496E /* libopencv_saliency.3.4.2.dylib */,
				759332032142CC7F0075496E /* libopencv_shape.3.4.2.dylib */,
				759332042142CC7F0075496E /* libopencv_stereo.3.4.2.dylib */,
				759332072142CC7F0075496E /* libopencv_stitching.3.4.2.dylib */,
				759331FA2142CC7E0075496E /* libopencv_structured_light.3.4.2.dylib */,
				759332192142CC830075496E /* libopencv_superres.3.4.2.dylib */,
				759331FB2142CC7E0075496E /* libopencv_surface_matching.3.4.2.dylib */,
				759332092142CC7F0075496E /* libopencv_tracking.3.4.2.dylib */,
				759332052142CC7F0075496E /* libopencv_video.3.4.2.dylib */,
				759332002142CC7E0075496E /* libopencv_videoio.3.4.2.dylib */,
				759332122142CC810075496E /* libopencv_videostab.3.4.2.dylib */,
				759331FD2142CC7E0075496E /* libopencv_xfeatures2d.3.4.2.dylib */,
				759331FC2142CC7E0075496E /* libopencv_ximgproc.3.4.2.dylib */,
				759331FE2142CC7E0075496E /* libopencv_xobjdetect.3.4.2.dylib */,
				7593320D2142CC800075496E /* libopencv_xphoto.3.4.2.dylib */,
			);
			path = lib;
			sourceTree = "<group>";
		};
/* End PBXGroup section */

/* Begin PBXNativeTarget section */
		759331E82142CC240075496E /* Image_Mosaic */ = {
			isa = PBXNativeTarget;
			buildConfigurationList = 759331F02142CC240075496E /* Build configuration list for PBXNativeTarget "Image_Mosaic" */;
			buildPhases = (
				759331E52142CC240075496E /* Sources */,
				759331E62142CC240075496E /* Frameworks */,
				759331E72142CC240075496E /* CopyFiles */,
			);
			buildRules = (
			);
			dependencies = (
			);
			name = Image_Mosaic;
			productName = Image_Mosaic;
			productReference = 759331E92142CC240075496E /* Image_Mosaic */;
			productType = "com.apple.product-type.tool";
		};
/* End PBXNativeTarget section */

/* Begin PBXProject section */
		759331E12142CC240075496E /* Project object */ = {
			isa = PBXProject;
			attributes = {
				LastUpgradeCheck = 0940;
				ORGANIZATIONNAME = WangAnnan;
				TargetAttributes = {
					759331E82142CC240075496E = {
						CreatedOnToolsVersion = 9.4.1;
					};
				};
			};
			buildConfigurationList = 759331E42142CC240075496E /* Build configuration list for PBXProject "Image_Mosaic" */;
			compatibilityVersion = "Xcode 9.3";
			developmentRegion = en;
			hasScannedForEncodings = 0;
			knownRegions = (
				en,
			);
			mainGroup = 759331E02142CC240075496E;
			productRefGroup = 759331EA2142CC240075496E /* Products */;
			projectDirPath = "";
			projectRoot = "";
			targets = (
				759331E82142CC240075496E /* Image_Mosaic */,
			);
		};
/* End PBXProject section */

/* Begin PBXSourcesBuildPhase section */
		759331E52142CC240075496E /* Sources */ = {
			isa = PBXSourcesBuildPhase;
			buildActionMask = 2147483647;
			files = (
				759331ED2142CC240075496E /* main.cpp in Sources */,
			);
			runOnlyForDeploymentPostprocessing = 0;
		};
/* End PBXSourcesBuildPhase section */

/* Begin XCBuildConfiguration section */
		759331EE2142CC240075496E /* Debug */ = {
			isa = XCBuildConfiguration;
			buildSettings = {
				ALWAYS_SEARCH_USER_PATHS = NO;
				CLANG_ANALYZER_NONNULL = YES;
				CLANG_ANALYZER_NUMBER_OBJECT_CONVERSION = YES_AGGRESSIVE;
				CLANG_CXX_LANGUAGE_STANDARD = "gnu++14";
				CLANG_CXX_LIBRARY = "libc++";
				CLANG_ENABLE_MODULES = YES;
				CLANG_ENABLE_OBJC_ARC = YES;
				CLANG_ENABLE_OBJC_WEAK = YES;
				CLANG_WARN_BLOCK_CAPTURE_AUTORELEASING = YES;
				CLANG_WARN_BOOL_CONVERSION = YES;
				CLANG_WARN_COMMA = YES;
				CLANG_WARN_CONSTANT_CONVERSION = YES;
				CLANG_WARN_DEPRECATED_OBJC_IMPLEMENTATIONS = YES;
				CLANG_WARN_DIRECT_OBJC_ISA_USAGE = YES_ERROR;
				CLANG_WARN_DOCUMENTATION_COMMENTS = YES;
				CLANG_WARN_EMPTY_BODY = YES;
				CLANG_WARN_ENUM_CONVERSION = YES;
				CLANG_WARN_INFINITE_RECURSION = YES;
				CLANG_WARN_INT_CONVERSION = YES;
				CLANG_WARN_NON_LITERAL_NULL_CONVERSION = YES;
				CLANG_WARN_OBJC_IMPLICIT_RETAIN_SELF = YES;
				CLANG_WARN_OBJC_LITERAL_CONVERSION = YES;
				CLANG_WARN_OBJC_ROOT_CLASS = YES_ERROR;
				CLANG_WARN_RANGE_LOOP_ANALYSIS = YES;
				CLANG_WARN_STRICT_PROTOTYPES = YES;
				CLANG_WARN_SUSPICIOUS_MOVE = YES;
				CLANG_WARN_UNGUARDED_AVAILABILITY = YES_AGGRESSIVE;
				CLANG_WARN_UNREACHABLE_CODE = YES;
				CLANG_WARN__DUPLICATE_METHOD_MATCH = YES;
				CODE_SIGN_IDENTITY = "Mac Developer";
				COPY_PHASE_STRIP = NO;
				DEBUG_INFORMATION_FORMAT = dwarf;
				ENABLE_STRICT_OBJC_MSGSEND = YES;
				ENABLE_TESTABILITY = YES;
				GCC_C_LANGUAGE_STANDARD = gnu11;
				GCC_DYNAMIC_NO_PIC = NO;
				GCC_NO_COMMON_BLOCKS = YES;
				GCC_OPTIMIZATION_LEVEL = 0;
				GCC_PREPROCESSOR_DEFINITIONS = (
					"DEBUG=1",
					"$(inherited)",
				);
				GCC_WARN_64_TO_32_BIT_CONVERSION = YES;
				GCC_WARN_ABOUT_RETURN_TYPE = YES_ERROR;
				GCC_WARN_UNDECLARED_SELECTOR = YES;
				GCC_WARN_UNINITIALIZED_AUTOS = YES_AGGRESSIVE;
				GCC_WARN_UNUSED_FUNCTION = YES;
				GCC_WARN_UNUSED_VARIABLE = YES;
				MACOSX_DEPLOYMENT_TARGET = 10.13;
				MTL_ENABLE_DEBUG_INFO = YES;
				ONLY_ACTIVE_ARCH = YES;
				SDKROOT = macosx;
			};
			name = Debug;
		};
		759331EF2142CC240075496E /* Release */ = {
			isa = XCBuildConfiguration;
			buildSettings = {
				ALWAYS_SEARCH_USER_PATHS = NO;
				CLANG_ANALYZER_NONNULL = YES;
				CLANG_ANALYZER_NUMBER_OBJECT_CONVERSION = YES_AGGRESSIVE;
				CLANG_CXX_LANGUAGE_STANDARD = "gnu++14";
				CLANG_CXX_LIBRARY = "libc++";
				CLANG_ENABLE_MODULES = YES;
				CLANG_ENABLE_OBJC_ARC = YES;
				CLANG_ENABLE_OBJC_WEAK = YES;
				CLANG_WARN_BLOCK_CAPTURE_AUTORELEASING = YES;
				CLANG_WARN_BOOL_CONVERSION = YES;
				CLANG_WARN_COMMA = YES;
				CLANG_WARN_CONSTANT_CONVERSION = YES;
				CLANG_WARN_DEPRECATED_OBJC_IMPLEMENTATIONS = YES;
				CLANG_WARN_DIRECT_OBJC_ISA_USAGE = YES_ERROR;
				CLANG_WARN_DOCUMENTATION_COMMENTS = YES;
				CLANG_WARN_EMPTY_BODY = YES;
				CLANG_WARN_ENUM_CONVERSION = YES;
				CLANG_WARN_INFINITE_RECURSION = YES;
				CLANG_WARN_INT_CONVERSION = YES;
				CLANG_WARN_NON_LITERAL_NULL_CONVERSION = YES;
				CLANG_WARN_OBJC_IMPLICIT_RETAIN_SELF = YES;
				CLANG_WARN_OBJC_LITERAL_CONVERSION = YES;
				CLANG_WARN_OBJC_ROOT_CLASS = YES_ERROR;
				CLANG_WARN_RANGE_LOOP_ANALYSIS = YES;
				CLANG_WARN_STRICT_PROTOTYPES = YES;
				CLANG_WARN_SUSPICIOUS_MOVE = YES;
				CLANG_WARN_UNGUARDED_AVAILABILITY = YES_AGGRESSIVE;
				CLANG_WARN_UNREACHABLE_CODE = YES;
				CLANG_WARN__DUPLICATE_METHOD_MATCH = YES;
				CODE_SIGN_IDENTITY = "Mac Developer";
				COPY_PHASE_STRIP = NO;
				DEBUG_INFORMATION_FORMAT = "dwarf-with-dsym";
				ENABLE_NS_ASSERTIONS = NO;
				ENABLE_STRICT_OBJC_MSGSEND = YES;
				GCC_C_LANGUAGE_STANDARD = gnu11;
				GCC_NO_COMMON_BLOCKS = YES;
				GCC_WARN_64_TO_32_BIT_CONVERSION = YES;
				GCC_WARN_ABOUT_RETURN_TYPE = YES_ERROR;
				GCC_WARN_UNDECLARED_SELECTOR = YES;
				GCC_WARN_UNINITIALIZED_AUTOS = YES_AGGRESSIVE;
				GCC_WARN_UNUSED_FUNCTION = YES;
				GCC_WARN_UNUSED_VARIABLE = YES;
				MACOSX_DEPLOYMENT_TARGET = 10.13;
				MTL_ENABLE_DEBUG_INFO = NO;
				SDKROOT = macosx;
			};
			name = Release;
		};
		759331F12142CC240075496E /* Debug */ = {
			isa = XCBuildConfiguration;
			buildSettings = {
				CODE_SIGN_STYLE = Automatic;
				DEVELOPMENT_TEAM = 7A2FPGQ8AJ;
				HEADER_SEARCH_PATHS = /usr/local/include;
				LIBRARY_SEARCH_PATHS = (
					"$(inherited)",
					/usr/local/Cellar/opencv/3.4.2/lib,
				);
				PRODUCT_NAME = "$(TARGET_NAME)";
			};
			name = Debug;
		};
		759331F22142CC240075496E /* Release */ = {
			isa = XCBuildConfiguration;
			buildSettings = {
				CODE_SIGN_STYLE = Automatic;
				DEVELOPMENT_TEAM = 7A2FPGQ8AJ;
				HEADER_SEARCH_PATHS = /usr/local/include;
				LIBRARY_SEARCH_PATHS = (
					"$(inherited)",
					/usr/local/Cellar/opencv/3.4.2/lib,
				);
				PRODUCT_NAME = "$(TARGET_NAME)";
			};
			name = Release;
		};
/* End XCBuildConfiguration section */

/* Begin XCConfigurationList section */
		759331E42142CC240075496E /* Build configuration list for PBXProject "Image_Mosaic" */ = {
			isa = XCConfigurationList;
			buildConfigurations = (
				759331EE2142CC240075496E /* Debug */,
				759331EF2142CC240075496E /* Release */,
			);
			defaultConfigurationIsVisible = 0;
			defaultConfigurationName = Release;
		};
		759331F02142CC240075496E /* Build configuration list for PBXNativeTarget "Image_Mosaic" */ = {
			isa = XCConfigurationList;
			buildConfigurations = (
				759331F12142CC240075496E /* Debug */,
				759331F22142CC240075496E /* Release */,
			);
			defaultConfigurationIsVisible = 0;
			defaultConfigurationName = Release;
		};
/* End XCConfigurationList section */
	};
	rootObject = 759331E12142CC240075496E /* Project object */;
}
